
Microsoft Visual Studio Solution File, Format Version 12.00
# Visual Studio 14
VisualStudioVersion = 14.0.23107.0
MinimumVisualStudioVersion = 10.0.40219.1
Project("{8BC9CEB8-8B4A-11D0-8D11-00A0C91BC942}") = "CppNet", "CppNet\CppNet.vcxproj", "{E6CAD7AD-2172-471B-AC48-34D726DFDF62}"
EndProject
Project("{8BC9CEB8-8B4A-11D0-8D11-00A0C91BC942}") = "Test", "Test\Test.vcxproj", "{7EF653EF-3090-4835-B400-D6596759E523}"
EndProject
Project("{8BC9CEB8-8B4A-11D0-8D11-00A0C91BC942}") = "WindowsTest", "WindowsTest\WindowsTest.vcxproj", "{8E839169-5AFE-4701-BF93-FA99B258559E}"
EndProject
Global
	GlobalSection(SolutionConfigurationPlatforms) = preSolution
		Debug|x64 = Debug|x64
		Debug|x86 = Debug|x86
		Release|x64 = Release|x64
		Release|x86 = Release|x86
	EndGlobalSection
	GlobalSection(ProjectConfigurationPlatforms) = postSolution
		{E6CAD7AD-2172-471B-AC48-34D726DFDF62}.Debug|x64.ActiveCfg = Debug|x64
		{E6CAD7AD-2172-471B-AC48-34D726DFDF62}.Debug|x64.Build.0 = Debug|x64
		{E6CAD7AD-2172-471B-AC48-34D726DFDF62}.Debug|x86.ActiveCfg = Debug|Win32
		{E6CAD7AD-2172-471B-AC48-34D726DFDF62}.Debug|x86.Build.0 = Debug|Win32
		{E6CAD7AD-2172-471B-AC48-34D726DFDF62}.Release|x64.ActiveCfg = Release|x64
		{E6CAD7AD-2172-471B-AC48-34D726DFDF62}.Release|x64.Build.0 = Release|x64
		{E6CAD7AD-2172-471B-AC48-34D726DFDF62}.Release|x86.ActiveCfg = Release|Win32
		{E6CAD7AD-2172-471B-AC48-34D726DFDF62}.Release|x86.Build.0 = Release|Win32
		{7EF653EF-3090-4835-B400-D6596759E523}.Debug|x64.ActiveCfg = Debug|x64
		{7EF653EF-3090-4835-B400-D6596759E523}.Debug|x64.Build.0 = Debug|x64
		{7EF653EF-3090-4835-B400-D6596759E523}.Debug|x86.ActiveCfg = Debug|Win32
		{7EF653EF-3090-4835-B400-D6596759E523}.Debug|x86.Build.0 = Debug|Win32
		{7EF653EF-3090-4835-B400-D6596759E523}.Release|x64.ActiveCfg = Release|x64
		{7EF653EF-3090-4835-B400-D6596759E523}.Release|x64.Build.0 = Release|x64
		{7EF653EF-3090-4835-B400-D6596759E523}.Release|x86.ActiveCfg = Release|Win32
		{7EF653EF-3090-4835-B400-D6596759E523}.Release|x86.Build.0 = Release|Win32
		{8E839169-5AFE-4701-BF93-FA99B258559E}.Debug|x64.ActiveCfg = Debug|x64
		{8E839169-5AFE-4701-BF93-FA99B258559E}.Debug|x64.Build.0 = Debug|x64
		{8E839169-5AFE-4701-BF93-FA99B258559E}.Debug|x86.ActiveCfg = Debug|Win32
		{8E839169-5AFE-4701-BF93-FA99B258559E}.Debug|x86.Build.0 = Debug|Win32
		{8E839169-5AFE-4701-BF93-FA99B258559E}.Release|x64.ActiveCfg = Release|x64
		{8E839169-5AFE-4701-BF93-FA99B258559E}.Release|x64.Build.0 = Release|x64
		{8E839169-5AFE-4701-BF93-FA99B258559E}.Release|x86.ActiveCfg = Release|Win32
		{8E839169-5AFE-4701-BF93-FA99B258559E}.Release|x86.Build.0 = Release|Win32
	EndGlobalSection
	GlobalSection(SolutionProperties) = preSolution
		HideSolutionNode = FALSE
	EndGlobalSection
EndGlobal
