<?xml version="1.0" encoding="utf-8"?>
<Project ToolsVersion="4.0" xmlns="http://schemas.microsoft.com/developer/msbuild/2003">
  <ItemGroup>
    <Filter Include="소스 파일">
      <UniqueIdentifier>{4FC737F1-C7A5-4376-A066-2A32D752A2FF}</UniqueIdentifier>
      <Extensions>cpp;c;cc;cxx;def;odl;idl;hpj;bat;asm;asmx</Extensions>
    </Filter>
    <Filter Include="헤더 파일">
      <UniqueIdentifier>{93995380-89BD-4b04-88EB-625FBE52EBFB}</UniqueIdentifier>
      <Extensions>h;hh;hpp;hxx;hm;inl;inc;xsd</Extensions>
    </Filter>
    <Filter Include="리소스 파일">
      <UniqueIdentifier>{67DA6AB6-F800-4c08-8B7A-83BB121AAD01}</UniqueIdentifier>
      <Extensions>rc;ico;cur;bmp;dlg;rc2;rct;bin;rgs;gif;jpg;jpeg;jpe;resx;tiff;tif;png;wav;mfcribbon-ms</Extensions>
    </Filter>
    <Filter Include="헤더 파일\System">
      <UniqueIdentifier>{a2f0b789-52fe-4aa9-906d-9442778262a2}</UniqueIdentifier>
    </Filter>
    <Filter Include="헤더 파일\System\Collections">
      <UniqueIdentifier>{39ee6381-dcf7-4bd0-9895-16dfb57b5746}</UniqueIdentifier>
    </Filter>
    <Filter Include="헤더 파일\System\Collections\Generic">
      <UniqueIdentifier>{4fce894b-3e0d-4074-ab66-e25a2f798f4b}</UniqueIdentifier>
    </Filter>
    <Filter Include="헤더 파일\System\Drawing">
      <UniqueIdentifier>{844fe2ba-b436-4e82-80e9-c7de82f3eb96}</UniqueIdentifier>
    </Filter>
    <Filter Include="헤더 파일\System\Windows">
      <UniqueIdentifier>{cfc22587-3407-47bd-be01-eddccc8627f9}</UniqueIdentifier>
    </Filter>
    <Filter Include="헤더 파일\System\Windows\Forms">
      <UniqueIdentifier>{792f2b6d-7803-4d68-9dbe-d091807e2f58}</UniqueIdentifier>
    </Filter>
    <Filter Include="소스 파일\System">
      <UniqueIdentifier>{9b59105a-64d6-4ba3-90ce-1cc33840be53}</UniqueIdentifier>
    </Filter>
    <Filter Include="소스 파일\System\Drawing">
      <UniqueIdentifier>{434df7cb-2657-414c-bed1-d92866c0fc85}</UniqueIdentifier>
    </Filter>
  </ItemGroup>
  <ItemGroup>
    <ClInclude Include="Console.h">
      <Filter>헤더 파일\System</Filter>
    </ClInclude>
    <ClInclude Include="Math.h">
      <Filter>헤더 파일\System</Filter>
    </ClInclude>
    <ClInclude Include="Object.h">
      <Filter>헤더 파일\System</Filter>
    </ClInclude>
    <ClInclude Include="CSClasses.h">
      <Filter>헤더 파일</Filter>
    </ClInclude>
    <ClInclude Include="Convert.h">
      <Filter>헤더 파일\System</Filter>
    </ClInclude>
    <ClInclude Include="Exception.h">
      <Filter>헤더 파일\System</Filter>
    </ClInclude>
    <ClInclude Include="DateTime.h">
      <Filter>헤더 파일\System</Filter>
    </ClInclude>
    <ClInclude Include="TimeSpan.h">
      <Filter>헤더 파일\System</Filter>
    </ClInclude>
    <ClInclude Include="InvalidCastException.h">
      <Filter>헤더 파일\System</Filter>
    </ClInclude>
    <ClInclude Include="Language.h">
      <Filter>헤더 파일</Filter>
    </ClInclude>
    <ClInclude Include="FormatException.h">
      <Filter>헤더 파일\System</Filter>
    </ClInclude>
    <ClInclude Include="IEnumerable.h">
      <Filter>헤더 파일\System\Collections\Generic</Filter>
    </ClInclude>
    <ClInclude Include="Utility.h">
      <Filter>헤더 파일</Filter>
    </ClInclude>
    <ClInclude Include="NotImplementedException.h">
      <Filter>헤더 파일\System</Filter>
    </ClInclude>
    <ClInclude Include="_ICollection.h">
      <Filter>헤더 파일\System\Collections</Filter>
    </ClInclude>
    <ClInclude Include="_IEnumerable.h">
      <Filter>헤더 파일\System\Collections</Filter>
    </ClInclude>
    <ClInclude Include="ICloneable.h">
      <Filter>헤더 파일\System</Filter>
    </ClInclude>
    <ClInclude Include="ICollection.h">
      <Filter>헤더 파일\System\Collections\Generic</Filter>
    </ClInclude>
    <ClInclude Include="IList.h">
      <Filter>헤더 파일\System\Collections\Generic</Filter>
    </ClInclude>
    <ClInclude Include="Point.h">
      <Filter>헤더 파일\System\Drawing</Filter>
    </ClInclude>
    <ClInclude Include="PointF.h">
      <Filter>헤더 파일\System\Drawing</Filter>
    </ClInclude>
    <ClInclude Include="System.Collections.Generic.h">
      <Filter>헤더 파일\System\Collections\Generic</Filter>
    </ClInclude>
    <ClInclude Include="System.Collections.h">
      <Filter>헤더 파일\System\Collections</Filter>
    </ClInclude>
    <ClInclude Include="System.Drawing.h">
      <Filter>헤더 파일\System\Drawing</Filter>
    </ClInclude>
    <ClInclude Include="System.h">
      <Filter>헤더 파일\System</Filter>
    </ClInclude>
    <ClInclude Include="Control.h">
      <Filter>헤더 파일\System\Windows\Forms</Filter>
    </ClInclude>
    <ClInclude Include="System.Windows.Forms.h">
      <Filter>헤더 파일\System\Windows\Forms</Filter>
    </ClInclude>
    <ClInclude Include="IConvertible.h">
      <Filter>헤더 파일\System</Filter>
    </ClInclude>
    <ClInclude Include="IFormatProvider.h">
      <Filter>헤더 파일\System</Filter>
    </ClInclude>
    <ClInclude Include="_IList.h">
      <Filter>헤더 파일\System\Collections</Filter>
    </ClInclude>
    <ClInclude Include="Stack.h">
      <Filter>헤더 파일\System\Collections\Generic</Filter>
    </ClInclude>
  </ItemGroup>
  <ItemGroup>
    <ClCompile Include="main.cpp">
      <Filter>소스 파일</Filter>
    </ClCompile>
    <ClInclude Include="Random.h">
      <Filter>헤더 파일\System</Filter>
    </ClInclude>
  </ItemGroup>
  <ItemGroup>
    <ClCompile Include="Console.cpp">
      <Filter>소스 파일\System</Filter>
    </ClCompile>
    <ClCompile Include="Convert.cpp">
      <Filter>소스 파일\System</Filter>
    </ClCompile>
    <ClCompile Include="DateTime.cpp">
      <Filter>소스 파일\System</Filter>
    </ClCompile>
    <ClCompile Include="Exception.cpp">
      <Filter>소스 파일\System</Filter>
    </ClCompile>
    <ClCompile Include="FormatException.cpp">
      <Filter>소스 파일\System</Filter>
    </ClCompile>
    <ClCompile Include="InvalidCastException.cpp">
      <Filter>소스 파일\System</Filter>
    </ClCompile>
    <ClCompile Include="Math.cpp">
      <Filter>소스 파일\System</Filter>
    </ClCompile>
    <ClCompile Include="NotImplementedException.cpp">
      <Filter>소스 파일\System</Filter>
    </ClCompile>
    <ClCompile Include="Object.cpp">
      <Filter>소스 파일\System</Filter>
    </ClCompile>
    <ClCompile Include="TimeSpan.cpp">
      <Filter>소스 파일\System</Filter>
    </ClCompile>
    <ClCompile Include="Random.cpp">
      <Filter>소스 파일\System</Filter>
    </ClCompile>
    <ClCompile Include="Utility.cpp">
      <Filter>소스 파일</Filter>
    </ClCompile>
    <ClCompile Include="Point.cpp">
      <Filter>소스 파일\System\Drawing</Filter>
    </ClCompile>
    <ClCompile Include="PointF.cpp">
      <Filter>소스 파일\System\Drawing</Filter>
    </ClCompile>
  </ItemGroup>
</Project>