<?xml version="1.0" encoding="utf-8"?>
<Project ToolsVersion="4.0" xmlns="http://schemas.microsoft.com/developer/msbuild/2003">
  <ItemGroup>
    <Filter Include="소스 파일">
      <UniqueIdentifier>{4FC737F1-C7A5-4376-A066-2A32D752A2FF}</UniqueIdentifier>
      <Extensions>cpp;c;cc;cxx;def;odl;idl;hpj;bat;asm;asmx</Extensions>
    </Filter>
    <Filter Include="헤더 파일">
      <UniqueIdentifier>{93995380-89BD-4b04-88EB-625FBE52EBFB}</UniqueIdentifier>
      <Extensions>h;hh;hpp;hxx;hm;inl;inc;xsd</Extensions>
    </Filter>
    <Filter Include="리소스 파일">
      <UniqueIdentifier>{67DA6AB6-F800-4c08-8B7A-83BB121AAD01}</UniqueIdentifier>
      <Extensions>rc;ico;cur;bmp;dlg;rc2;rct;bin;rgs;gif;jpg;jpeg;jpe;resx;tiff;tif;png;wav;mfcribbon-ms</Extensions>
    </Filter>
    <Filter Include="헤더 파일\System">
      <UniqueIdentifier>{a2f0b789-52fe-4aa9-906d-9442778262a2}</UniqueIdentifier>
    </Filter>
    <Filter Include="헤더 파일\System\Collections">
      <UniqueIdentifier>{39ee6381-dcf7-4bd0-9895-16dfb57b5746}</UniqueIdentifier>
    </Filter>
    <Filter Include="헤더 파일\System\Collections\Generic">
      <UniqueIdentifier>{4fce894b-3e0d-4074-ab66-e25a2f798f4b}</UniqueIdentifier>
    </Filter>
    <Filter Include="헤더 파일\System\Drawing">
      <UniqueIdentifier>{844fe2ba-b436-4e82-80e9-c7de82f3eb96}</UniqueIdentifier>
    </Filter>
    <Filter Include="헤더 파일\System\Windows">
      <UniqueIdentifier>{cfc22587-3407-47bd-be01-eddccc8627f9}</UniqueIdentifier>
    </Filter>
    <Filter Include="헤더 파일\System\Windows\Forms">
      <UniqueIdentifier>{792f2b6d-7803-4d68-9dbe-d091807e2f58}</UniqueIdentifier>
    </Filter>
    <Filter Include="소스 파일\System">
      <UniqueIdentifier>{9b59105a-64d6-4ba3-90ce-1cc33840be53}</UniqueIdentifier>
    </Filter>
    <Filter Include="소스 파일\System\Drawing">
      <UniqueIdentifier>{434df7cb-2657-414c-bed1-d92866c0fc85}</UniqueIdentifier>
    </Filter>
    <Filter Include="인라인 구현 파일">
      <UniqueIdentifier>{c775729c-b390-4581-8101-17688de22b6c}</UniqueIdentifier>
    </Filter>
    <Filter Include="인라인 구현 파일\System">
      <UniqueIdentifier>{3f51ef8c-3466-473e-ba38-94d27d780084}</UniqueIdentifier>
    </Filter>
    <Filter Include="인라인 구현 파일\System\Collections">
      <UniqueIdentifier>{cef4aed6-9cf6-4097-af3c-c27022b2f48e}</UniqueIdentifier>
    </Filter>
    <Filter Include="인라인 구현 파일\System\Collections\Generic">
      <UniqueIdentifier>{affce4a8-24b9-45eb-8620-536c9df0f106}</UniqueIdentifier>
    </Filter>
    <Filter Include="헤더 파일\System\Globalization">
      <UniqueIdentifier>{22d87b8d-98fa-4382-ac58-c2576f1bb0cb}</UniqueIdentifier>
    </Filter>
    <Filter Include="소스 파일\System\Globalization">
      <UniqueIdentifier>{44a8959c-1036-415b-b801-865865d29ebb}</UniqueIdentifier>
    </Filter>
    <Filter Include="헤더 파일\CSClasses">
      <UniqueIdentifier>{b43d1b23-5baa-4bd7-bab7-bda23db00e0b}</UniqueIdentifier>
    </Filter>
    <Filter Include="헤더 파일\CSClasses\KMC">
      <UniqueIdentifier>{e8953710-73c3-445f-9c5d-8fbdb6b99c70}</UniqueIdentifier>
    </Filter>
    <Filter Include="소스 파일\CSClasses">
      <UniqueIdentifier>{afef3e5e-dc9c-499e-81c4-34a9802fe0e1}</UniqueIdentifier>
    </Filter>
    <Filter Include="소스 파일\CSClasses\KMC">
      <UniqueIdentifier>{aecb40c9-ebc1-4fdf-a3d1-e5d3985d3090}</UniqueIdentifier>
    </Filter>
    <Filter Include="인라인 구현 파일\CSClasses">
      <UniqueIdentifier>{b4a4636b-d437-425a-ac29-83101d5e1af2}</UniqueIdentifier>
    </Filter>
    <Filter Include="인라인 구현 파일\CSClasses\KMC">
      <UniqueIdentifier>{174915e5-975b-4382-ab4f-f7024af57c3a}</UniqueIdentifier>
    </Filter>
  </ItemGroup>
  <ItemGroup>
    <ClInclude Include="Console.h">
      <Filter>헤더 파일\System</Filter>
    </ClInclude>
    <ClInclude Include="Math.h">
      <Filter>헤더 파일\System</Filter>
    </ClInclude>
    <ClInclude Include="Object.h">
      <Filter>헤더 파일\System</Filter>
    </ClInclude>
    <ClInclude Include="CSClasses.h">
      <Filter>헤더 파일</Filter>
    </ClInclude>
    <ClInclude Include="Convert.h">
      <Filter>헤더 파일\System</Filter>
    </ClInclude>
    <ClInclude Include="Exception.h">
      <Filter>헤더 파일\System</Filter>
    </ClInclude>
    <ClInclude Include="DateTime.h">
      <Filter>헤더 파일\System</Filter>
    </ClInclude>
    <ClInclude Include="TimeSpan.h">
      <Filter>헤더 파일\System</Filter>
    </ClInclude>
    <ClInclude Include="InvalidCastException.h">
      <Filter>헤더 파일\System</Filter>
    </ClInclude>
    <ClInclude Include="Language.h">
      <Filter>헤더 파일</Filter>
    </ClInclude>
    <ClInclude Include="FormatException.h">
      <Filter>헤더 파일\System</Filter>
    </ClInclude>
    <ClInclude Include="IEnumerable.h">
      <Filter>헤더 파일\System\Collections\Generic</Filter>
    </ClInclude>
    <ClInclude Include="Utility.h">
      <Filter>헤더 파일</Filter>
    </ClInclude>
    <ClInclude Include="NotImplementedException.h">
      <Filter>헤더 파일\System</Filter>
    </ClInclude>
    <ClInclude Include="_ICollection.h">
      <Filter>헤더 파일\System\Collections</Filter>
    </ClInclude>
    <ClInclude Include="_IEnumerable.h">
      <Filter>헤더 파일\System\Collections</Filter>
    </ClInclude>
    <ClInclude Include="ICloneable.h">
      <Filter>헤더 파일\System</Filter>
    </ClInclude>
    <ClInclude Include="ICollection.h">
      <Filter>헤더 파일\System\Collections\Generic</Filter>
    </ClInclude>
    <ClInclude Include="IList.h">
      <Filter>헤더 파일\System\Collections\Generic</Filter>
    </ClInclude>
    <ClInclude Include="Point.h">
      <Filter>헤더 파일\System\Drawing</Filter>
    </ClInclude>
    <ClInclude Include="PointF.h">
      <Filter>헤더 파일\System\Drawing</Filter>
    </ClInclude>
    <ClInclude Include="System.Collections.Generic.h">
      <Filter>헤더 파일\System\Collections\Generic</Filter>
    </ClInclude>
    <ClInclude Include="System.Collections.h">
      <Filter>헤더 파일\System\Collections</Filter>
    </ClInclude>
    <ClInclude Include="System.Drawing.h">
      <Filter>헤더 파일\System\Drawing</Filter>
    </ClInclude>
    <ClInclude Include="System.h">
      <Filter>헤더 파일\System</Filter>
    </ClInclude>
    <ClInclude Include="Control.h">
      <Filter>헤더 파일\System\Windows\Forms</Filter>
    </ClInclude>
    <ClInclude Include="System.Windows.Forms.h">
      <Filter>헤더 파일\System\Windows\Forms</Filter>
    </ClInclude>
    <ClInclude Include="IConvertible.h">
      <Filter>헤더 파일\System</Filter>
    </ClInclude>
    <ClInclude Include="IFormatProvider.h">
      <Filter>헤더 파일\System</Filter>
    </ClInclude>
    <ClInclude Include="_IEnumerator.h">
      <Filter>헤더 파일\System\Collections</Filter>
    </ClInclude>
    <ClInclude Include="IEnumerator.h">
      <Filter>헤더 파일\System\Collections\Generic</Filter>
    </ClInclude>
    <ClInclude Include="Queue.h">
      <Filter>헤더 파일\System\Collections\Generic</Filter>
    </ClInclude>
    <ClInclude Include="Boolean.h">
      <Filter>헤더 파일\System</Filter>
    </ClInclude>
    <ClInclude Include="Char.h">
      <Filter>헤더 파일\System</Filter>
    </ClInclude>
    <ClInclude Include="Byte.h">
      <Filter>헤더 파일\System</Filter>
    </ClInclude>
    <ClInclude Include="SByte.h">
      <Filter>헤더 파일\System</Filter>
    </ClInclude>
    <ClInclude Include="Int16.h">
      <Filter>헤더 파일\System</Filter>
    </ClInclude>
    <ClInclude Include="Int32.h">
      <Filter>헤더 파일\System</Filter>
    </ClInclude>
    <ClInclude Include="Int64.h">
      <Filter>헤더 파일\System</Filter>
    </ClInclude>
    <ClInclude Include="UInt16.h">
      <Filter>헤더 파일\System</Filter>
    </ClInclude>
    <ClInclude Include="UInt32.h">
      <Filter>헤더 파일\System</Filter>
    </ClInclude>
    <ClInclude Include="UInt64.h">
      <Filter>헤더 파일\System</Filter>
    </ClInclude>
    <ClInclude Include="Single.h">
      <Filter>헤더 파일\System</Filter>
    </ClInclude>
    <ClInclude Include="Double.h">
      <Filter>헤더 파일\System</Filter>
    </ClInclude>
    <ClInclude Include="Func.h">
      <Filter>헤더 파일\System</Filter>
    </ClInclude>
    <ClInclude Include="SystemTypes.h">
      <Filter>헤더 파일</Filter>
    </ClInclude>
    <ClInclude Include="InvalidOperationException.h">
      <Filter>헤더 파일\System</Filter>
    </ClInclude>
    <ClInclude Include="DoubleT.h">
      <Filter>헤더 파일\System</Filter>
    </ClInclude>
    <ClInclude Include="IComparable.h">
      <Filter>헤더 파일\System</Filter>
    </ClInclude>
    <ClInclude Include="IEquatable.h">
      <Filter>헤더 파일\System</Filter>
    </ClInclude>
    <ClInclude Include="IFormattable.h">
      <Filter>헤더 파일\System</Filter>
    </ClInclude>
    <ClInclude Include="SizeF.h">
      <Filter>헤더 파일\System\Drawing</Filter>
    </ClInclude>
    <ClInclude Include="BitConverter.h">
      <Filter>헤더 파일\System</Filter>
    </ClInclude>
    <ClInclude Include="UnicodeCategory.h">
      <Filter>헤더 파일\System\Globalization</Filter>
    </ClInclude>
    <ClInclude Include="CharUnicodeInfo.h">
      <Filter>헤더 파일\System\Globalization</Filter>
    </ClInclude>
    <ClInclude Include="CSClasses\Unicode.h">
      <Filter>헤더 파일\CSClasses</Filter>
    </ClInclude>
    <ClInclude Include="System\String.h">
      <Filter>헤더 파일\System</Filter>
    </ClInclude>
    <ClInclude Include="CSClasses\CSClasses.h">
      <Filter>헤더 파일\CSClasses</Filter>
    </ClInclude>
    <ClInclude Include="System\Version.h">
      <Filter>헤더 파일\System</Filter>
    </ClInclude>
    <ClInclude Include="CSClasses\KMC\KMC.h">
      <Filter>헤더 파일\CSClasses\KMC</Filter>
    </ClInclude>
    <ClInclude Include="CSClasses\KMC\Decimal.h">
      <Filter>헤더 파일\CSClasses\KMC</Filter>
    </ClInclude>
  </ItemGroup>
  <ItemGroup>
    <ClInclude Include="Random.h">
      <Filter>헤더 파일\System</Filter>
    </ClInclude>
  </ItemGroup>
  <ItemGroup>
    <ClCompile Include="DateTime.cpp">
      <Filter>소스 파일\System</Filter>
    </ClCompile>
    <ClCompile Include="Exception.cpp">
      <Filter>소스 파일\System</Filter>
    </ClCompile>
    <ClCompile Include="FormatException.cpp">
      <Filter>소스 파일\System</Filter>
    </ClCompile>
    <ClCompile Include="InvalidCastException.cpp">
      <Filter>소스 파일\System</Filter>
    </ClCompile>
    <ClCompile Include="Math.cpp">
      <Filter>소스 파일\System</Filter>
    </ClCompile>
    <ClCompile Include="NotImplementedException.cpp">
      <Filter>소스 파일\System</Filter>
    </ClCompile>
    <ClCompile Include="Object.cpp">
      <Filter>소스 파일\System</Filter>
    </ClCompile>
    <ClCompile Include="TimeSpan.cpp">
      <Filter>소스 파일\System</Filter>
    </ClCompile>
    <ClCompile Include="Random.cpp">
      <Filter>소스 파일\System</Filter>
    </ClCompile>
    <ClCompile Include="Point.cpp">
      <Filter>소스 파일\System\Drawing</Filter>
    </ClCompile>
    <ClCompile Include="PointF.cpp">
      <Filter>소스 파일\System\Drawing</Filter>
    </ClCompile>
    <ClCompile Include="InvalidOperationException.cpp">
      <Filter>소스 파일\System</Filter>
    </ClCompile>
    <ClCompile Include="DoubleT.cpp">
      <Filter>소스 파일\System</Filter>
    </ClCompile>
    <ClCompile Include="SizeF.cpp">
      <Filter>소스 파일\System\Drawing</Filter>
    </ClCompile>
    <ClCompile Include="BitConverter.cpp">
      <Filter>소스 파일\System</Filter>
    </ClCompile>
    <ClCompile Include="Char.cpp">
      <Filter>소스 파일\System</Filter>
    </ClCompile>
    <ClCompile Include="CharUnicodeInfo.cpp">
      <Filter>소스 파일\System\Globalization</Filter>
    </ClCompile>
    <ClCompile Include="System\Version.cpp">
      <Filter>소스 파일\System</Filter>
    </ClCompile>
    <ClCompile Include="CSClasses\KMC\Decimal.cpp">
      <Filter>소스 파일\CSClasses\KMC</Filter>
    </ClCompile>
  </ItemGroup>
  <ItemGroup>
    <None Include="Console.inl">
      <Filter>인라인 구현 파일\System</Filter>
    </None>
    <None Include="Object.inl">
      <Filter>인라인 구현 파일\System</Filter>
    </None>
    <None Include="Math.inl">
      <Filter>인라인 구현 파일\System</Filter>
    </None>
    <None Include="Convert.inl">
      <Filter>인라인 구현 파일\System</Filter>
    </None>
    <None Include="Queue.inl">
      <Filter>인라인 구현 파일\System\Collections\Generic</Filter>
    </None>
    <None Include="DoubleT.inl">
      <Filter>인라인 구현 파일\System</Filter>
    </None>
    <None Include="BitConverter.inl">
      <Filter>인라인 구현 파일\System</Filter>
    </None>
    <None Include="Char.inl">
      <Filter>인라인 구현 파일\System</Filter>
    </None>
    <None Include="System\Version.inl">
      <Filter>인라인 구현 파일\System</Filter>
    </None>
    <None Include="CSClasses\KMC\Decimal.inl">
      <Filter>인라인 구현 파일\CSClasses\KMC</Filter>
    </None>
  </ItemGroup>
</Project>