<?xml version="1.0" encoding="utf-8"?>
<Project ToolsVersion="4.0" xmlns="http://schemas.microsoft.com/developer/msbuild/2003">
  <ItemGroup>
    <Filter Include="헤더 파일">
      <UniqueIdentifier>{5de0cac2-991e-4a5d-8e91-4c69bd74c740}</UniqueIdentifier>
    </Filter>
    <Filter Include="헤더 파일\System">
      <UniqueIdentifier>{2cd90f4b-e200-40db-b314-6682bb43211c}</UniqueIdentifier>
    </Filter>
    <Filter Include="헤더 파일\System\Drawing">
      <UniqueIdentifier>{ec0845db-9378-4ed0-af61-3e0c635b4e1a}</UniqueIdentifier>
    </Filter>
    <Filter Include="헤더 파일\System\Windows">
      <UniqueIdentifier>{9bfa0dc7-49da-4201-9f5a-77ef82857b20}</UniqueIdentifier>
    </Filter>
    <Filter Include="헤더 파일\System\Collections">
      <UniqueIdentifier>{74626054-eee9-47e7-9f84-1ec41c75eb4c}</UniqueIdentifier>
    </Filter>
    <Filter Include="헤더 파일\System\Globalization">
      <UniqueIdentifier>{537f2a37-9296-40d8-ae91-738640a417df}</UniqueIdentifier>
    </Filter>
    <Filter Include="헤더 파일\CppNet">
      <UniqueIdentifier>{cd8afa11-29c6-4f6f-9757-1d74440e448e}</UniqueIdentifier>
    </Filter>
    <Filter Include="헤더 파일\CppNet\KMC">
      <UniqueIdentifier>{c8bc33c5-f001-4b3d-a7cb-168dbb7157e0}</UniqueIdentifier>
    </Filter>
    <Filter Include="헤더 파일\System\Collections\Generic">
      <UniqueIdentifier>{1b2b48a3-6dc5-4323-accc-9a761e53fff0}</UniqueIdentifier>
    </Filter>
    <Filter Include="헤더 파일\System\Windows\Forms">
      <UniqueIdentifier>{9044115b-0caa-4bd3-88e9-d53f9babcd71}</UniqueIdentifier>
    </Filter>
    <Filter Include="소스 파일">
      <UniqueIdentifier>{eadfd985-11de-48ec-bb1c-9f1fe2d56199}</UniqueIdentifier>
    </Filter>
    <Filter Include="인라인 구현 파일">
      <UniqueIdentifier>{66dcfe8c-162c-4b2b-817d-904a17e0f3fe}</UniqueIdentifier>
    </Filter>
    <Filter Include="인라인 구현 파일\CppNet">
      <UniqueIdentifier>{b6f40425-0f25-42cf-bed7-9b73132978e9}</UniqueIdentifier>
    </Filter>
    <Filter Include="인라인 구현 파일\CppNet\KMC">
      <UniqueIdentifier>{dc2d2a79-1f58-4803-9625-e76226e26157}</UniqueIdentifier>
    </Filter>
    <Filter Include="소스 파일\CppNet">
      <UniqueIdentifier>{0eede39e-0c28-46bc-a93d-7624c63a287b}</UniqueIdentifier>
    </Filter>
    <Filter Include="소스 파일\CppNet\KMC">
      <UniqueIdentifier>{eb556e8d-5792-4ef8-84f2-c654802b99a0}</UniqueIdentifier>
    </Filter>
    <Filter Include="인라인 구현 파일\System">
      <UniqueIdentifier>{95c037af-bf33-47b9-8d7b-e77304538f08}</UniqueIdentifier>
    </Filter>
    <Filter Include="소스 파일\System">
      <UniqueIdentifier>{5039e2fd-b148-4929-b9fd-6599a85c2ccd}</UniqueIdentifier>
    </Filter>
    <Filter Include="소스 파일\System\Globalization">
      <UniqueIdentifier>{516469c2-f731-43e0-9f03-6faa906ef3a0}</UniqueIdentifier>
    </Filter>
    <Filter Include="소스 파일\System\Drawing">
      <UniqueIdentifier>{a71bcabf-ed44-40af-b54f-78b6ec98b692}</UniqueIdentifier>
    </Filter>
    <Filter Include="소스 파일\System\Windows">
      <UniqueIdentifier>{e7d1ba06-33fa-4bc4-a784-3a3c3f987e62}</UniqueIdentifier>
    </Filter>
    <Filter Include="소스 파일\System\Windows\Forms">
      <UniqueIdentifier>{eafdbcf6-ba07-48f7-a42e-16a3025daaa9}</UniqueIdentifier>
    </Filter>
    <Filter Include="인라인 구현 파일\System\Collections">
      <UniqueIdentifier>{22da5613-bbcb-4c14-b87a-34c0b96887cd}</UniqueIdentifier>
    </Filter>
    <Filter Include="인라인 구현 파일\System\Collections\Generic">
      <UniqueIdentifier>{e1717ddd-7198-47ec-9073-ce8711dd7bce}</UniqueIdentifier>
    </Filter>
    <Filter Include="인라인 구현 파일\System\Drawing">
      <UniqueIdentifier>{52117856-be9e-45ba-b6e5-ea2371087be5}</UniqueIdentifier>
    </Filter>
    <Filter Include="헤더 파일\System\IO">
      <UniqueIdentifier>{796b8306-28a0-4f16-99cb-423d7f211c3f}</UniqueIdentifier>
    </Filter>
    <Filter Include="소스 파일\System\IO">
      <UniqueIdentifier>{9015a463-aebe-42aa-a125-b04758b0994c}</UniqueIdentifier>
    </Filter>
    <Filter Include="인라인 구현 파일\System\IO">
      <UniqueIdentifier>{e01fadf2-1302-4c50-9db7-2aa9e0b4cce8}</UniqueIdentifier>
    </Filter>
    <Filter Include="헤더 파일\System\Threading">
      <UniqueIdentifier>{d89e11ca-a2a1-40c8-b8ce-5741b2971fc8}</UniqueIdentifier>
    </Filter>
    <Filter Include="헤더 파일\System\Runtime">
      <UniqueIdentifier>{05723f63-c13c-4951-9d43-73377f9e431e}</UniqueIdentifier>
    </Filter>
    <Filter Include="헤더 파일\System\Runtime\InteropServices">
      <UniqueIdentifier>{28055efd-a401-4970-8668-d7e65ab75eab}</UniqueIdentifier>
    </Filter>
    <Filter Include="소스 파일\System\Threading">
      <UniqueIdentifier>{dc171a0e-2ebe-4d3a-9cb2-dbd648cc11b9}</UniqueIdentifier>
    </Filter>
    <Filter Include="헤더 파일\System\Xml">
      <UniqueIdentifier>{1a0d55c1-a415-4d8c-9126-c8eec5496d7a}</UniqueIdentifier>
    </Filter>
    <Filter Include="헤더 파일\System\Xml\XPath">
      <UniqueIdentifier>{0b6085f5-1107-449e-8a93-14a3ea69a7e5}</UniqueIdentifier>
    </Filter>
  </ItemGroup>
  <ItemGroup>
    <ClInclude Include="CppNet\KMC\Decimal.h">
      <Filter>헤더 파일\CppNet\KMC</Filter>
    </ClInclude>
    <ClInclude Include="CppNet\CppNet.h">
      <Filter>헤더 파일\CppNet</Filter>
    </ClInclude>
    <ClInclude Include="CppNet\Unicode.h">
      <Filter>헤더 파일\CppNet</Filter>
    </ClInclude>
    <ClInclude Include="System\Globalization\CharUnicodeInfo.h">
      <Filter>헤더 파일\System\Globalization</Filter>
    </ClInclude>
    <ClInclude Include="System\Globalization\UnicodeCategory.h">
      <Filter>헤더 파일\System\Globalization</Filter>
    </ClInclude>
    <ClInclude Include="CppNet.h">
      <Filter>헤더 파일</Filter>
    </ClInclude>
    <ClInclude Include="Language.h">
      <Filter>헤더 파일</Filter>
    </ClInclude>
    <ClInclude Include="SystemTypes.h">
      <Filter>헤더 파일</Filter>
    </ClInclude>
    <ClInclude Include="Utility.h">
      <Filter>헤더 파일</Filter>
    </ClInclude>
    <ClInclude Include="System\Windows\Forms\Control.h">
      <Filter>헤더 파일\System\Windows\Forms</Filter>
    </ClInclude>
    <ClInclude Include="System\Windows\Forms\System.Windows.Forms.h">
      <Filter>헤더 파일\System\Windows\Forms</Filter>
    </ClInclude>
    <ClInclude Include="System\Collections\Generic\ICollection.h">
      <Filter>헤더 파일\System\Collections\Generic</Filter>
    </ClInclude>
    <ClInclude Include="System\Collections\Generic\IEnumerable.h">
      <Filter>헤더 파일\System\Collections\Generic</Filter>
    </ClInclude>
    <ClInclude Include="System\Collections\Generic\IEnumerator.h">
      <Filter>헤더 파일\System\Collections\Generic</Filter>
    </ClInclude>
    <ClInclude Include="System\Collections\Generic\IList.h">
      <Filter>헤더 파일\System\Collections\Generic</Filter>
    </ClInclude>
    <ClInclude Include="System\Collections\Generic\Queue.h">
      <Filter>헤더 파일\System\Collections\Generic</Filter>
    </ClInclude>
    <ClInclude Include="System\Collections\Generic\System.Collections.Generic.h">
      <Filter>헤더 파일\System\Collections\Generic</Filter>
    </ClInclude>
    <ClInclude Include="System\Collections\ICollection.h">
      <Filter>헤더 파일\System\Collections</Filter>
    </ClInclude>
    <ClInclude Include="System\Collections\IEnumerable.h">
      <Filter>헤더 파일\System\Collections</Filter>
    </ClInclude>
    <ClInclude Include="System\Collections\IEnumerator.h">
      <Filter>헤더 파일\System\Collections</Filter>
    </ClInclude>
    <ClInclude Include="System\Collections\System.Collections.h">
      <Filter>헤더 파일\System\Collections</Filter>
    </ClInclude>
    <ClInclude Include="System\Drawing\Point.h">
      <Filter>헤더 파일\System\Drawing</Filter>
    </ClInclude>
    <ClInclude Include="System\Drawing\PointF.h">
      <Filter>헤더 파일\System\Drawing</Filter>
    </ClInclude>
    <ClInclude Include="System\Drawing\SizeF.h">
      <Filter>헤더 파일\System\Drawing</Filter>
    </ClInclude>
    <ClInclude Include="System\Drawing\System.Drawing.h">
      <Filter>헤더 파일\System\Drawing</Filter>
    </ClInclude>
    <ClInclude Include="System\BitConverter.h">
      <Filter>헤더 파일\System</Filter>
    </ClInclude>
    <ClInclude Include="System\Boolean.h">
      <Filter>헤더 파일\System</Filter>
    </ClInclude>
    <ClInclude Include="System\Byte.h">
      <Filter>헤더 파일\System</Filter>
    </ClInclude>
    <ClInclude Include="System\Char.h">
      <Filter>헤더 파일\System</Filter>
    </ClInclude>
    <ClInclude Include="System\Console.h">
      <Filter>헤더 파일\System</Filter>
    </ClInclude>
    <ClInclude Include="System\Convert.h">
      <Filter>헤더 파일\System</Filter>
    </ClInclude>
    <ClInclude Include="System\DateTime.h">
      <Filter>헤더 파일\System</Filter>
    </ClInclude>
    <ClInclude Include="System\Double.h">
      <Filter>헤더 파일\System</Filter>
    </ClInclude>
    <ClInclude Include="System\DoubleT.h">
      <Filter>헤더 파일\System</Filter>
    </ClInclude>
    <ClInclude Include="System\Exception.h">
      <Filter>헤더 파일\System</Filter>
    </ClInclude>
    <ClInclude Include="System\FormatException.h">
      <Filter>헤더 파일\System</Filter>
    </ClInclude>
    <ClInclude Include="System\Func.h">
      <Filter>헤더 파일\System</Filter>
    </ClInclude>
    <ClInclude Include="System\ICloneable.h">
      <Filter>헤더 파일\System</Filter>
    </ClInclude>
    <ClInclude Include="System\IComparable.h">
      <Filter>헤더 파일\System</Filter>
    </ClInclude>
    <ClInclude Include="System\IConvertible.h">
      <Filter>헤더 파일\System</Filter>
    </ClInclude>
    <ClInclude Include="System\IEquatable.h">
      <Filter>헤더 파일\System</Filter>
    </ClInclude>
    <ClInclude Include="System\IFormatProvider.h">
      <Filter>헤더 파일\System</Filter>
    </ClInclude>
    <ClInclude Include="System\IFormattable.h">
      <Filter>헤더 파일\System</Filter>
    </ClInclude>
    <ClInclude Include="System\Int16.h">
      <Filter>헤더 파일\System</Filter>
    </ClInclude>
    <ClInclude Include="System\Int32.h">
      <Filter>헤더 파일\System</Filter>
    </ClInclude>
    <ClInclude Include="System\Int64.h">
      <Filter>헤더 파일\System</Filter>
    </ClInclude>
    <ClInclude Include="System\InvalidCastException.h">
      <Filter>헤더 파일\System</Filter>
    </ClInclude>
    <ClInclude Include="System\InvalidOperationException.h">
      <Filter>헤더 파일\System</Filter>
    </ClInclude>
    <ClInclude Include="System\Math.h">
      <Filter>헤더 파일\System</Filter>
    </ClInclude>
    <ClInclude Include="System\NotImplementedException.h">
      <Filter>헤더 파일\System</Filter>
    </ClInclude>
    <ClInclude Include="System\Object.h">
      <Filter>헤더 파일\System</Filter>
    </ClInclude>
    <ClInclude Include="System\Random.h">
      <Filter>헤더 파일\System</Filter>
    </ClInclude>
    <ClInclude Include="System\SByte.h">
      <Filter>헤더 파일\System</Filter>
    </ClInclude>
    <ClInclude Include="System\Single.h">
      <Filter>헤더 파일\System</Filter>
    </ClInclude>
    <ClInclude Include="System\String.h">
      <Filter>헤더 파일\System</Filter>
    </ClInclude>
    <ClInclude Include="System\System.h">
      <Filter>헤더 파일\System</Filter>
    </ClInclude>
    <ClInclude Include="System\TimeSpan.h">
      <Filter>헤더 파일\System</Filter>
    </ClInclude>
    <ClInclude Include="System\Tuple.h">
      <Filter>헤더 파일\System</Filter>
    </ClInclude>
    <ClInclude Include="System\UInt16.h">
      <Filter>헤더 파일\System</Filter>
    </ClInclude>
    <ClInclude Include="System\UInt32.h">
      <Filter>헤더 파일\System</Filter>
    </ClInclude>
    <ClInclude Include="System\UInt64.h">
      <Filter>헤더 파일\System</Filter>
    </ClInclude>
    <ClInclude Include="System\Version.h">
      <Filter>헤더 파일\System</Filter>
    </ClInclude>
    <ClInclude Include="System\ArgumentException.h">
      <Filter>헤더 파일\System</Filter>
    </ClInclude>
    <ClInclude Include="System\Collections\Generic\Stack.h">
      <Filter>헤더 파일\System\Collections\Generic</Filter>
    </ClInclude>
    <ClInclude Include="CppNet\Unicode9_0.h">
      <Filter>헤더 파일\CppNet</Filter>
    </ClInclude>
    <ClInclude Include="CppNet\KMC\Fraction.h">
      <Filter>헤더 파일\CppNet\KMC</Filter>
    </ClInclude>
    <ClInclude Include="System\Type.h">
      <Filter>헤더 파일\System</Filter>
    </ClInclude>
    <ClInclude Include="System\Globalization\System.Globalization.h">
      <Filter>헤더 파일\System\Globalization</Filter>
    </ClInclude>
    <ClInclude Include="CppNet\gc_ptr.h">
      <Filter>헤더 파일\CppNet</Filter>
    </ClInclude>
    <ClInclude Include="CppNet\gc.h">
      <Filter>헤더 파일\CppNet</Filter>
    </ClInclude>
    <ClInclude Include="Defines.h">
      <Filter>헤더 파일</Filter>
    </ClInclude>
    <ClInclude Include="CppNet\KMC\Integer.h">
      <Filter>헤더 파일\CppNet\KMC</Filter>
    </ClInclude>
    <ClInclude Include="System\IO\File.h">
      <Filter>헤더 파일\System\IO</Filter>
    </ClInclude>
    <ClInclude Include="System\IO\System.IO.h">
      <Filter>헤더 파일\System\IO</Filter>
    </ClInclude>
    <ClInclude Include="CppNet\KMC\CppNet.KMC.h">
      <Filter>헤더 파일\CppNet\KMC</Filter>
    </ClInclude>
    <ClInclude Include="System\SystemException.h">
      <Filter>헤더 파일\System</Filter>
    </ClInclude>
    <ClInclude Include="System\IO\IOException.h">
      <Filter>헤더 파일\System\IO</Filter>
    </ClInclude>
    <ClInclude Include="System\IO\FileNotFoundException.h">
      <Filter>헤더 파일\System\IO</Filter>
    </ClInclude>
    <ClInclude Include="System\IDisposable.h">
      <Filter>헤더 파일\System</Filter>
    </ClInclude>
    <ClInclude Include="System\IO\Stream.h">
      <Filter>헤더 파일\System\IO</Filter>
    </ClInclude>
    <ClInclude Include="System\IAsyncResult.h">
      <Filter>헤더 파일\System</Filter>
    </ClInclude>
    <ClInclude Include="System\Threading\WaitHandle.h">
      <Filter>헤더 파일\System\Threading</Filter>
    </ClInclude>
    <ClInclude Include="System\Threading\System.Threading.h">
      <Filter>헤더 파일\System\Threading</Filter>
    </ClInclude>
    <ClInclude Include="System\AsyncCallback.h">
      <Filter>헤더 파일\System</Filter>
    </ClInclude>
    <ClInclude Include="System\Runtime\InteropServices\_Thread.h">
      <Filter>헤더 파일\System\Runtime\InteropServices</Filter>
    </ClInclude>
    <ClInclude Include="System\Runtime\InteropServices\System.Runtime.InteropServices.h">
      <Filter>헤더 파일\System\Runtime\InteropServices</Filter>
    </ClInclude>
    <ClInclude Include="System\Guid.h">
      <Filter>헤더 파일\System</Filter>
    </ClInclude>
    <ClInclude Include="System\IntPtr.h">
      <Filter>헤더 파일\System</Filter>
    </ClInclude>
    <ClInclude Include="System\Threading\Thread.h">
      <Filter>헤더 파일\System\Threading</Filter>
    </ClInclude>
    <ClInclude Include="System\Xml\XmlDocument.h">
      <Filter>헤더 파일\System\Xml</Filter>
    </ClInclude>
    <ClInclude Include="System\Xml\System.Xml.h">
      <Filter>헤더 파일\System\Xml</Filter>
    </ClInclude>
    <ClInclude Include="System\Xml\XmlNode.h">
      <Filter>헤더 파일\System\Xml</Filter>
    </ClInclude>
    <ClInclude Include="System\Xml\XPath\IXPathNavigable.h">
      <Filter>헤더 파일\System\Xml\XPath</Filter>
    </ClInclude>
    <ClInclude Include="System\Xml\XPath\System.Xml.XPath.h">
      <Filter>헤더 파일\System\Xml\XPath</Filter>
    </ClInclude>
    <ClInclude Include="System\Xml\XPath\XPathNavigator.h">
      <Filter>헤더 파일\System\Xml\XPath</Filter>
    </ClInclude>
    <ClInclude Include="System\Xml\XPath\XPathItem.h">
      <Filter>헤더 파일\System\Xml\XPath</Filter>
    </ClInclude>
    <ClInclude Include="System\Xml\IXmlNamespaceResolver.h">
      <Filter>헤더 파일\System\Xml</Filter>
    </ClInclude>
  </ItemGroup>
  <ItemGroup>
    <ClCompile Include="System\Drawing\Point.cpp">
      <Filter>소스 파일\System\Drawing</Filter>
    </ClCompile>
    <ClCompile Include="System\Drawing\PointF.cpp">
      <Filter>소스 파일\System\Drawing</Filter>
    </ClCompile>
    <ClCompile Include="System\Drawing\SizeF.cpp">
      <Filter>소스 파일\System\Drawing</Filter>
    </ClCompile>
    <ClCompile Include="System\Windows\Forms\Control.cpp">
      <Filter>소스 파일\System\Windows\Forms</Filter>
    </ClCompile>
    <ClCompile Include="System\Globalization\CharUnicodeInfo.cpp">
      <Filter>소스 파일\System\Globalization</Filter>
    </ClCompile>
    <ClCompile Include="System\BitConverter.cpp">
      <Filter>소스 파일\System</Filter>
    </ClCompile>
    <ClCompile Include="System\Char.cpp">
      <Filter>소스 파일\System</Filter>
    </ClCompile>
    <ClCompile Include="System\DateTime.cpp">
      <Filter>소스 파일\System</Filter>
    </ClCompile>
    <ClCompile Include="System\DoubleT.cpp">
      <Filter>소스 파일\System</Filter>
    </ClCompile>
    <ClCompile Include="System\Exception.cpp">
      <Filter>소스 파일\System</Filter>
    </ClCompile>
    <ClCompile Include="System\FormatException.cpp">
      <Filter>소스 파일\System</Filter>
    </ClCompile>
    <ClCompile Include="System\InvalidCastException.cpp">
      <Filter>소스 파일\System</Filter>
    </ClCompile>
    <ClCompile Include="System\InvalidOperationException.cpp">
      <Filter>소스 파일\System</Filter>
    </ClCompile>
    <ClCompile Include="System\Math.cpp">
      <Filter>소스 파일\System</Filter>
    </ClCompile>
    <ClCompile Include="System\NotImplementedException.cpp">
      <Filter>소스 파일\System</Filter>
    </ClCompile>
    <ClCompile Include="System\Object.cpp">
      <Filter>소스 파일\System</Filter>
    </ClCompile>
    <ClCompile Include="System\Random.cpp">
      <Filter>소스 파일\System</Filter>
    </ClCompile>
    <ClCompile Include="System\TimeSpan.cpp">
      <Filter>소스 파일\System</Filter>
    </ClCompile>
    <ClCompile Include="System\Version.cpp">
      <Filter>소스 파일\System</Filter>
    </ClCompile>
    <ClCompile Include="CppNet\KMC\Decimal.cpp">
      <Filter>소스 파일\CppNet\KMC</Filter>
    </ClCompile>
    <ClCompile Include="System\ArgumentException.cpp">
      <Filter>소스 파일\System</Filter>
    </ClCompile>
    <ClCompile Include="CppNet\Unicode.cpp">
      <Filter>소스 파일\CppNet</Filter>
    </ClCompile>
    <ClCompile Include="CppNet\Unicode9_0.cpp">
      <Filter>소스 파일\CppNet</Filter>
    </ClCompile>
    <ClCompile Include="CppNet\gc.cpp">
      <Filter>소스 파일\CppNet</Filter>
    </ClCompile>
    <ClCompile Include="CppNet\KMC\Integer.cpp">
      <Filter>소스 파일\CppNet\KMC</Filter>
    </ClCompile>
    <ClCompile Include="System\IO\File.cpp">
      <Filter>소스 파일\System\IO</Filter>
    </ClCompile>
    <ClCompile Include="System\SystemException.cpp">
      <Filter>소스 파일\System</Filter>
    </ClCompile>
    <ClCompile Include="System\IO\IOException.cpp">
      <Filter>소스 파일\System\IO</Filter>
    </ClCompile>
    <ClCompile Include="System\IO\FileNotFoundException.cpp">
      <Filter>소스 파일\System\IO</Filter>
    </ClCompile>
    <ClCompile Include="System\IntPtr.cpp">
      <Filter>소스 파일\System</Filter>
    </ClCompile>
    <ClCompile Include="System\Threading\WaitHandle.cpp">
      <Filter>소스 파일\System\Threading</Filter>
    </ClCompile>
  </ItemGroup>
  <ItemGroup>
    <None Include="System\Collections\Generic\Queue.inl">
      <Filter>인라인 구현 파일\System\Collections\Generic</Filter>
    </None>
    <None Include="CppNet\KMC\Decimal.inl">
      <Filter>인라인 구현 파일\CppNet\KMC</Filter>
    </None>
    <None Include="System\BitConverter.inl">
      <Filter>인라인 구현 파일\System</Filter>
    </None>
    <None Include="System\Char.inl">
      <Filter>인라인 구현 파일\System</Filter>
    </None>
    <None Include="System\Console.inl">
      <Filter>인라인 구현 파일\System</Filter>
    </None>
    <None Include="System\Convert.inl">
      <Filter>인라인 구현 파일\System</Filter>
    </None>
    <None Include="System\DoubleT.inl">
      <Filter>인라인 구현 파일\System</Filter>
    </None>
    <None Include="System\Math.inl">
      <Filter>인라인 구현 파일\System</Filter>
    </None>
    <None Include="System\Object.inl">
      <Filter>인라인 구현 파일\System</Filter>
    </None>
    <None Include="System\Version.inl">
      <Filter>인라인 구현 파일\System</Filter>
    </None>
    <None Include="System\Collections\Generic\Stack.inl">
      <Filter>인라인 구현 파일\System\Collections\Generic</Filter>
    </None>
    <None Include="CppNet\Unicode.inl">
      <Filter>인라인 구현 파일\CppNet</Filter>
    </None>
    <None Include="CppNet\KMC\Fraction.inl">
      <Filter>인라인 구현 파일\CppNet\KMC</Filter>
    </None>
    <None Include="CppNet\gc_ptr.inl">
      <Filter>인라인 구현 파일\CppNet</Filter>
    </None>
    <None Include="CppNet\gc.inl">
      <Filter>인라인 구현 파일\CppNet</Filter>
    </None>
    <None Include="System\Drawing\SizeF.inl">
      <Filter>인라인 구현 파일\System\Drawing</Filter>
    </None>
    <None Include="System\TimeSpan.inl">
      <Filter>인라인 구현 파일\System</Filter>
    </None>
    <None Include="System\IO\File.inl">
      <Filter>인라인 구현 파일\System\IO</Filter>
    </None>
    <None Include="System\IO\Stream.inl">
      <Filter>인라인 구현 파일\System\IO</Filter>
    </None>
  </ItemGroup>
</Project>