<?xml version="1.0" encoding="utf-8"?>
<Project ToolsVersion="4.0" xmlns="http://schemas.microsoft.com/developer/msbuild/2003">
  <ItemGroup>
    <Filter Include="헤더 파일">
      <UniqueIdentifier>{5de0cac2-991e-4a5d-8e91-4c69bd74c740}</UniqueIdentifier>
    </Filter>
    <Filter Include="헤더 파일\CppNet">
      <UniqueIdentifier>{cd8afa11-29c6-4f6f-9757-1d74440e448e}</UniqueIdentifier>
    </Filter>
    <Filter Include="헤더 파일\CppNet\KMC">
      <UniqueIdentifier>{c8bc33c5-f001-4b3d-a7cb-168dbb7157e0}</UniqueIdentifier>
    </Filter>
    <Filter Include="소스 파일">
      <UniqueIdentifier>{eadfd985-11de-48ec-bb1c-9f1fe2d56199}</UniqueIdentifier>
    </Filter>
    <Filter Include="인라인 구현 파일">
      <UniqueIdentifier>{66dcfe8c-162c-4b2b-817d-904a17e0f3fe}</UniqueIdentifier>
    </Filter>
    <Filter Include="인라인 구현 파일\CppNet">
      <UniqueIdentifier>{b6f40425-0f25-42cf-bed7-9b73132978e9}</UniqueIdentifier>
    </Filter>
    <Filter Include="인라인 구현 파일\CppNet\KMC">
      <UniqueIdentifier>{dc2d2a79-1f58-4803-9625-e76226e26157}</UniqueIdentifier>
    </Filter>
    <Filter Include="소스 파일\CppNet">
      <UniqueIdentifier>{0eede39e-0c28-46bc-a93d-7624c63a287b}</UniqueIdentifier>
    </Filter>
    <Filter Include="소스 파일\CppNet\KMC">
      <UniqueIdentifier>{eb556e8d-5792-4ef8-84f2-c654802b99a0}</UniqueIdentifier>
    </Filter>
    <Filter Include="헤더 파일\CppNet\System">
      <UniqueIdentifier>{6393a6ab-ef14-4419-870f-f7343feaed26}</UniqueIdentifier>
    </Filter>
    <Filter Include="헤더 파일\CppNet\System\Collections">
      <UniqueIdentifier>{f5eda2aa-e2e9-43a4-bbcb-5966a51deea0}</UniqueIdentifier>
    </Filter>
    <Filter Include="헤더 파일\CppNet\System\Collections\Generic">
      <UniqueIdentifier>{01a8dfe7-48bc-4cdd-8b58-e7b4188d918d}</UniqueIdentifier>
    </Filter>
    <Filter Include="헤더 파일\CppNet\System\ComponentModel">
      <UniqueIdentifier>{0dcec77e-d0ac-4511-b552-d3b001e395d2}</UniqueIdentifier>
    </Filter>
    <Filter Include="헤더 파일\CppNet\System\Drawing">
      <UniqueIdentifier>{21db3b1a-356b-409c-aa7c-15ccbe31acba}</UniqueIdentifier>
    </Filter>
    <Filter Include="헤더 파일\CppNet\System\Globalization">
      <UniqueIdentifier>{c93092b2-a67b-4649-89c5-c33d7086f91f}</UniqueIdentifier>
    </Filter>
    <Filter Include="헤더 파일\CppNet\System\IO">
      <UniqueIdentifier>{64b55a6c-4ae1-456d-830c-f7bca544f956}</UniqueIdentifier>
    </Filter>
    <Filter Include="헤더 파일\CppNet\System\Runtime">
      <UniqueIdentifier>{068dae2e-6dbc-4cf1-b32a-6e7b399be293}</UniqueIdentifier>
    </Filter>
    <Filter Include="헤더 파일\CppNet\System\Runtime\InteropServices">
      <UniqueIdentifier>{47aaf55d-ccaf-43c7-b176-ebb0b5e1dbed}</UniqueIdentifier>
    </Filter>
    <Filter Include="헤더 파일\CppNet\System\Runtime\Remoting">
      <UniqueIdentifier>{3c631c39-d673-4e56-b385-6ecd416e7d6c}</UniqueIdentifier>
    </Filter>
    <Filter Include="헤더 파일\CppNet\System\Runtime\Remoting\Contexts">
      <UniqueIdentifier>{55150bc2-274e-440e-944e-d2352dcee121}</UniqueIdentifier>
    </Filter>
    <Filter Include="헤더 파일\CppNet\System\Runtime\Remoting\Messaging">
      <UniqueIdentifier>{5d15e81d-0477-4866-8eea-c65eabf6944f}</UniqueIdentifier>
    </Filter>
    <Filter Include="헤더 파일\CppNet\System\Runtime\Serialization">
      <UniqueIdentifier>{482afbc7-d0e2-45f4-9b0d-0ac88376c17a}</UniqueIdentifier>
    </Filter>
    <Filter Include="헤더 파일\CppNet\System\Text">
      <UniqueIdentifier>{d66cb4de-dd05-4a7d-8687-b60faa83aa2a}</UniqueIdentifier>
    </Filter>
    <Filter Include="헤더 파일\CppNet\System\Threading">
      <UniqueIdentifier>{31430d8c-d2b1-4fb8-8913-89fdea6a1aaf}</UniqueIdentifier>
    </Filter>
    <Filter Include="헤더 파일\CppNet\System\Xml">
      <UniqueIdentifier>{c4b5c786-0d2a-4a0e-a16b-ee1b5bb56c71}</UniqueIdentifier>
    </Filter>
    <Filter Include="헤더 파일\CppNet\System\Xml\XPath">
      <UniqueIdentifier>{ef162a21-8248-4d20-96fb-1eadab7c39cb}</UniqueIdentifier>
    </Filter>
    <Filter Include="인라인 구현 파일\CppNet\System">
      <UniqueIdentifier>{ffd14cc0-fb85-4fae-b70a-e1c5c61d4ce5}</UniqueIdentifier>
    </Filter>
    <Filter Include="인라인 구현 파일\CppNet\System\Collections">
      <UniqueIdentifier>{bcc50c36-9a38-4758-989e-f863426eb163}</UniqueIdentifier>
    </Filter>
    <Filter Include="인라인 구현 파일\CppNet\System\Collections\Generic">
      <UniqueIdentifier>{ccde9ba9-199f-4e3c-84d4-3d18b6106814}</UniqueIdentifier>
    </Filter>
    <Filter Include="인라인 구현 파일\CppNet\System\Drawing">
      <UniqueIdentifier>{ad82cee0-a52a-4659-a96a-c9605bb40557}</UniqueIdentifier>
    </Filter>
    <Filter Include="인라인 구현 파일\CppNet\System\IO">
      <UniqueIdentifier>{ce1f42e8-7239-46a3-a505-c3a0c505543b}</UniqueIdentifier>
    </Filter>
    <Filter Include="소스 파일\CppNet\System">
      <UniqueIdentifier>{cf9ba825-33aa-42c4-8ad1-b4bc6b6c8c35}</UniqueIdentifier>
    </Filter>
    <Filter Include="소스 파일\CppNet\System\Collections">
      <UniqueIdentifier>{e441c823-fa2a-48b0-914b-0bafca018e76}</UniqueIdentifier>
    </Filter>
    <Filter Include="소스 파일\CppNet\System\Drawing">
      <UniqueIdentifier>{e84ff2e4-8653-40de-b2ea-8166d0f14d0f}</UniqueIdentifier>
    </Filter>
    <Filter Include="소스 파일\CppNet\System\Globalization">
      <UniqueIdentifier>{29f090a4-5665-4136-b36c-088aac405c37}</UniqueIdentifier>
    </Filter>
    <Filter Include="소스 파일\CppNet\System\IO">
      <UniqueIdentifier>{b03eff1b-feef-4a5d-be4d-399c500c25df}</UniqueIdentifier>
    </Filter>
    <Filter Include="소스 파일\CppNet\System\Runtime">
      <UniqueIdentifier>{129a753d-00e1-4922-bfa5-af9e77fc5e51}</UniqueIdentifier>
    </Filter>
    <Filter Include="소스 파일\CppNet\System\Runtime\Remoting">
      <UniqueIdentifier>{83614324-c15b-459f-bcd5-d516a036489c}</UniqueIdentifier>
    </Filter>
    <Filter Include="소스 파일\CppNet\System\Runtime\Remoting\Contexts">
      <UniqueIdentifier>{604bf043-d486-4faf-bb8d-2a90cdcb5829}</UniqueIdentifier>
    </Filter>
    <Filter Include="소스 파일\CppNet\System\Text">
      <UniqueIdentifier>{69998c87-113c-4307-a7fc-856599c0db67}</UniqueIdentifier>
    </Filter>
    <Filter Include="소스 파일\CppNet\System\Threading">
      <UniqueIdentifier>{b071396f-d470-4d91-84d2-af3eceeac6b5}</UniqueIdentifier>
    </Filter>
    <Filter Include="헤더 파일\CppNet\System\Text\RegularExpressions">
      <UniqueIdentifier>{cd19452c-4eb6-4317-a27b-4d91f8193f53}</UniqueIdentifier>
    </Filter>
    <Filter Include="소스 파일\CppNet\System\Text\RegularExpressions">
      <UniqueIdentifier>{75843b40-2cbd-459f-81fb-30a334fa80e0}</UniqueIdentifier>
    </Filter>
    <Filter Include="인라인 구현 파일\CppNet\System\Text">
      <UniqueIdentifier>{44b73fd9-8064-44bf-ba64-ae00e9e15dd5}</UniqueIdentifier>
    </Filter>
    <Filter Include="인라인 구현 파일\CppNet\System\Text\RegularExpressions">
      <UniqueIdentifier>{e4be68f3-2946-4f15-a9a9-f4183bfaab89}</UniqueIdentifier>
    </Filter>
    <Filter Include="헤더 파일\CppNet\System\Windows">
      <UniqueIdentifier>{12aa4d24-ae0b-47a2-a2d9-3660900215b8}</UniqueIdentifier>
    </Filter>
    <Filter Include="헤더 파일\CppNet\System\Windows\Forms">
      <UniqueIdentifier>{51066cb6-ddd5-4b8a-a905-d6d81720b635}</UniqueIdentifier>
    </Filter>
    <Filter Include="소스 파일\CppNet\System\ComponentModel">
      <UniqueIdentifier>{919def75-4594-49bb-a7ff-21119827b006}</UniqueIdentifier>
    </Filter>
    <Filter Include="선언 및 구현 파일">
      <UniqueIdentifier>{85f0cd69-e2a1-4760-a11f-08220a9bfdd2}</UniqueIdentifier>
    </Filter>
    <Filter Include="선언 및 구현 파일\CppNet">
      <UniqueIdentifier>{c72b213b-3b53-4461-be4a-6af6002059fc}</UniqueIdentifier>
    </Filter>
    <Filter Include="선언 및 구현 파일\CppNet\System">
      <UniqueIdentifier>{c0a8bce9-c7e6-4287-8d3e-4b8a6df29180}</UniqueIdentifier>
    </Filter>
    <Filter Include="선언 및 구현 파일\CppNet\System\Drawing">
      <UniqueIdentifier>{15d18239-6717-4b06-b15c-f4e0bdd2bfab}</UniqueIdentifier>
    </Filter>
    <Filter Include="선언 및 구현 파일\CppNet\System\Runtime">
      <UniqueIdentifier>{cf3bdd22-5b58-4d3d-8660-0d55b544548e}</UniqueIdentifier>
    </Filter>
    <Filter Include="선언 및 구현 파일\CppNet\System\Runtime\Serialization">
      <UniqueIdentifier>{42c35e8d-ed08-43c1-9295-8075575dd79d}</UniqueIdentifier>
    </Filter>
    <Filter Include="선언 및 구현 파일\CppNet\KMC">
      <UniqueIdentifier>{64eaa65c-9a30-48ea-a75a-221debba6e7b}</UniqueIdentifier>
    </Filter>
    <Filter Include="선언 및 구현 파일\CppNet\System\Windows">
      <UniqueIdentifier>{017c3a6b-8dbf-45b5-a7f2-8ca85747ea7f}</UniqueIdentifier>
    </Filter>
    <Filter Include="선언 및 구현 파일\CppNet\System\Windows\Forms">
      <UniqueIdentifier>{d51fedb7-036b-453e-b5ff-8094e8e479c9}</UniqueIdentifier>
    </Filter>
    <Filter Include="선언 및 구현 파일\CppNet\System\Text">
      <UniqueIdentifier>{fe524a58-bd95-4210-aa3b-5f3380791500}</UniqueIdentifier>
    </Filter>
    <Filter Include="선언 및 구현 파일\CppNet\System\Threading">
      <UniqueIdentifier>{5fc84286-7a6c-4f77-8a44-17920b7dc415}</UniqueIdentifier>
    </Filter>
    <Filter Include="선언 및 구현 파일\CppNet\System\Globalization">
      <UniqueIdentifier>{75ca849b-c5b7-44b8-b216-d59237dae1aa}</UniqueIdentifier>
    </Filter>
    <Filter Include="선언 및 구현 파일\CppNet\CTR">
      <UniqueIdentifier>{ae2a744d-06e7-4b19-9066-5706dcb08e82}</UniqueIdentifier>
    </Filter>
    <Filter Include="헤더 파일\CppNet\CTR">
      <UniqueIdentifier>{d7f1fc8d-3bb5-4547-94f6-6eec686c987c}</UniqueIdentifier>
    </Filter>
    <Filter Include="선언 및 구현 파일\CppNet\System\Threading\Tasks">
      <UniqueIdentifier>{202f6cbc-1a9c-44d1-baa6-c034196dc6cb}</UniqueIdentifier>
    </Filter>
    <Filter Include="헤더 파일\CppNet\System\Threading\Tasks">
      <UniqueIdentifier>{25750aac-35c8-4eb7-91ef-612ada4a1512}</UniqueIdentifier>
    </Filter>
    <Filter Include="소스 파일\CppNet\System\Threading\Tasks">
      <UniqueIdentifier>{7fadc429-5ab3-46e6-8c1d-0ecd87abc3b7}</UniqueIdentifier>
    </Filter>
    <Filter Include="선언 및 구현 파일\CppNet\System\Runtime\CompilerServices">
      <UniqueIdentifier>{6140dd90-55c9-488a-be51-a691f50b8660}</UniqueIdentifier>
    </Filter>
    <Filter Include="헤더 파일\CppNet\System\Runtime\CompilerServices">
      <UniqueIdentifier>{0afbb923-91dc-47ee-b085-eb0d47bfe2f2}</UniqueIdentifier>
    </Filter>
    <Filter Include="선언 및 구현 파일\CppNet\System\Collections">
      <UniqueIdentifier>{1bb3e286-a0a3-462a-bc1f-5ac81fa8e3b6}</UniqueIdentifier>
    </Filter>
    <Filter Include="선언 및 구현 파일\CppNet\System\Collections\ObjectModel">
      <UniqueIdentifier>{dfe013b5-f56b-464f-827b-91df258305bc}</UniqueIdentifier>
    </Filter>
    <Filter Include="선언 및 구현 파일\CppNet\System\Collections\Generic">
      <UniqueIdentifier>{46615b97-c3e4-4426-a1df-e868a2aa0a2b}</UniqueIdentifier>
    </Filter>
    <Filter Include="헤더 파일\CppNet\System\Collections\ObjectModel">
      <UniqueIdentifier>{6abc1652-2448-4358-a4c7-368f872ca050}</UniqueIdentifier>
    </Filter>
  </ItemGroup>
  <ItemGroup>
    <ClInclude Include="CppNet\KMC\Decimal.h">
      <Filter>헤더 파일\CppNet\KMC</Filter>
    </ClInclude>
    <ClInclude Include="CppNet\CppNet.h">
      <Filter>헤더 파일\CppNet</Filter>
    </ClInclude>
    <ClInclude Include="CppNet\Unicode.h">
      <Filter>헤더 파일\CppNet</Filter>
    </ClInclude>
    <ClInclude Include="CppNet.h">
      <Filter>헤더 파일</Filter>
    </ClInclude>
    <ClInclude Include="Language.h">
      <Filter>헤더 파일</Filter>
    </ClInclude>
    <ClInclude Include="SystemTypes.h">
      <Filter>헤더 파일</Filter>
    </ClInclude>
    <ClInclude Include="Utility.h">
      <Filter>헤더 파일</Filter>
    </ClInclude>
    <ClInclude Include="CppNet\Unicode9_0.h">
      <Filter>헤더 파일\CppNet</Filter>
    </ClInclude>
    <ClInclude Include="CppNet\KMC\Fraction.h">
      <Filter>헤더 파일\CppNet\KMC</Filter>
    </ClInclude>
    <ClInclude Include="Defines.h">
      <Filter>헤더 파일</Filter>
    </ClInclude>
    <ClInclude Include="CppNet\KMC\CppNet.KMC.h">
      <Filter>헤더 파일\CppNet\KMC</Filter>
    </ClInclude>
    <ClInclude Include="CppNet\event.h">
      <Filter>헤더 파일\CppNet</Filter>
    </ClInclude>
    <ClInclude Include="CppNet\ICrypto.h">
      <Filter>헤더 파일\CppNet</Filter>
    </ClInclude>
    <ClInclude Include="CppNet\System\_String.h">
      <Filter>헤더 파일\CppNet\System</Filter>
    </ClInclude>
    <ClInclude Include="CppNet\System\AppDomain.h">
      <Filter>헤더 파일\CppNet\System</Filter>
    </ClInclude>
    <ClInclude Include="CppNet\System\ArgumentException.h">
      <Filter>헤더 파일\CppNet\System</Filter>
    </ClInclude>
    <ClInclude Include="CppNet\System\AsyncCallback.h">
      <Filter>헤더 파일\CppNet\System</Filter>
    </ClInclude>
    <ClInclude Include="CppNet\System\BitConverter.h">
      <Filter>헤더 파일\CppNet\System</Filter>
    </ClInclude>
    <ClInclude Include="CppNet\System\Boolean.h">
      <Filter>헤더 파일\CppNet\System</Filter>
    </ClInclude>
    <ClInclude Include="CppNet\System\Byte.h">
      <Filter>헤더 파일\CppNet\System</Filter>
    </ClInclude>
    <ClInclude Include="CppNet\System\Char.h">
      <Filter>헤더 파일\CppNet\System</Filter>
    </ClInclude>
    <ClInclude Include="CppNet\System\Console.h">
      <Filter>헤더 파일\CppNet\System</Filter>
    </ClInclude>
    <ClInclude Include="CppNet\System\Convert.h">
      <Filter>헤더 파일\CppNet\System</Filter>
    </ClInclude>
    <ClInclude Include="CppNet\System\DateTime.h">
      <Filter>헤더 파일\CppNet\System</Filter>
    </ClInclude>
    <ClInclude Include="CppNet\System\Double.h">
      <Filter>헤더 파일\CppNet\System</Filter>
    </ClInclude>
    <ClInclude Include="CppNet\System\DoubleT.h">
      <Filter>헤더 파일\CppNet\System</Filter>
    </ClInclude>
    <ClInclude Include="CppNet\System\EventArgs.h">
      <Filter>헤더 파일\CppNet\System</Filter>
    </ClInclude>
    <ClInclude Include="CppNet\System\EventHandler.h">
      <Filter>헤더 파일\CppNet\System</Filter>
    </ClInclude>
    <ClInclude Include="CppNet\System\Exception.h">
      <Filter>헤더 파일\CppNet\System</Filter>
    </ClInclude>
    <ClInclude Include="CppNet\System\FormatException.h">
      <Filter>헤더 파일\CppNet\System</Filter>
    </ClInclude>
    <ClInclude Include="CppNet\System\Func.h">
      <Filter>헤더 파일\CppNet\System</Filter>
    </ClInclude>
    <ClInclude Include="CppNet\System\Guid.h">
      <Filter>헤더 파일\CppNet\System</Filter>
    </ClInclude>
    <ClInclude Include="CppNet\System\IAsyncResult.h">
      <Filter>헤더 파일\CppNet\System</Filter>
    </ClInclude>
    <ClInclude Include="CppNet\System\ICloneable.h">
      <Filter>헤더 파일\CppNet\System</Filter>
    </ClInclude>
    <ClInclude Include="CppNet\System\IComparable.h">
      <Filter>헤더 파일\CppNet\System</Filter>
    </ClInclude>
    <ClInclude Include="CppNet\System\IConvertible.h">
      <Filter>헤더 파일\CppNet\System</Filter>
    </ClInclude>
    <ClInclude Include="CppNet\System\IDisposable.h">
      <Filter>헤더 파일\CppNet\System</Filter>
    </ClInclude>
    <ClInclude Include="CppNet\System\IEquatable.h">
      <Filter>헤더 파일\CppNet\System</Filter>
    </ClInclude>
    <ClInclude Include="CppNet\System\IFormatProvider.h">
      <Filter>헤더 파일\CppNet\System</Filter>
    </ClInclude>
    <ClInclude Include="CppNet\System\IFormattable.h">
      <Filter>헤더 파일\CppNet\System</Filter>
    </ClInclude>
    <ClInclude Include="CppNet\System\Int16.h">
      <Filter>헤더 파일\CppNet\System</Filter>
    </ClInclude>
    <ClInclude Include="CppNet\System\Int32.h">
      <Filter>헤더 파일\CppNet\System</Filter>
    </ClInclude>
    <ClInclude Include="CppNet\System\Int64.h">
      <Filter>헤더 파일\CppNet\System</Filter>
    </ClInclude>
    <ClInclude Include="CppNet\System\IntPtr.h">
      <Filter>헤더 파일\CppNet\System</Filter>
    </ClInclude>
    <ClInclude Include="CppNet\System\InvalidCastException.h">
      <Filter>헤더 파일\CppNet\System</Filter>
    </ClInclude>
    <ClInclude Include="CppNet\System\InvalidOperationException.h">
      <Filter>헤더 파일\CppNet\System</Filter>
    </ClInclude>
    <ClInclude Include="CppNet\System\IServiceProvider.h">
      <Filter>헤더 파일\CppNet\System</Filter>
    </ClInclude>
    <ClInclude Include="CppNet\System\KeyValuePair.h">
      <Filter>헤더 파일\CppNet\System</Filter>
    </ClInclude>
    <ClInclude Include="CppNet\System\Math.h">
      <Filter>헤더 파일\CppNet\System</Filter>
    </ClInclude>
    <ClInclude Include="CppNet\System\NotImplementedException.h">
      <Filter>헤더 파일\CppNet\System</Filter>
    </ClInclude>
    <ClInclude Include="CppNet\System\Object.h">
      <Filter>헤더 파일\CppNet\System</Filter>
    </ClInclude>
    <ClInclude Include="CppNet\System\Random.h">
      <Filter>헤더 파일\CppNet\System</Filter>
    </ClInclude>
    <ClInclude Include="CppNet\System\SByte.h">
      <Filter>헤더 파일\CppNet\System</Filter>
    </ClInclude>
    <ClInclude Include="CppNet\System\Single.h">
      <Filter>헤더 파일\CppNet\System</Filter>
    </ClInclude>
    <ClInclude Include="CppNet\System\String.h">
      <Filter>헤더 파일\CppNet\System</Filter>
    </ClInclude>
    <ClInclude Include="CppNet\System\SystemException.h">
      <Filter>헤더 파일\CppNet\System</Filter>
    </ClInclude>
    <ClInclude Include="CppNet\System\TimeSpan.h">
      <Filter>헤더 파일\CppNet\System</Filter>
    </ClInclude>
    <ClInclude Include="CppNet\System\Tuple.h">
      <Filter>헤더 파일\CppNet\System</Filter>
    </ClInclude>
    <ClInclude Include="CppNet\System\Type.h">
      <Filter>헤더 파일\CppNet\System</Filter>
    </ClInclude>
    <ClInclude Include="CppNet\System\UInt16.h">
      <Filter>헤더 파일\CppNet\System</Filter>
    </ClInclude>
    <ClInclude Include="CppNet\System\UInt32.h">
      <Filter>헤더 파일\CppNet\System</Filter>
    </ClInclude>
    <ClInclude Include="CppNet\System\UInt64.h">
      <Filter>헤더 파일\CppNet\System</Filter>
    </ClInclude>
    <ClInclude Include="CppNet\System\Version.h">
      <Filter>헤더 파일\CppNet\System</Filter>
    </ClInclude>
    <ClInclude Include="CppNet\System\Collections\DictionaryEntry.h">
      <Filter>헤더 파일\CppNet\System\Collections</Filter>
    </ClInclude>
    <ClInclude Include="CppNet\System\Collections\Hashtable.h">
      <Filter>헤더 파일\CppNet\System\Collections</Filter>
    </ClInclude>
    <ClInclude Include="CppNet\System\Collections\ICollection.h">
      <Filter>헤더 파일\CppNet\System\Collections</Filter>
    </ClInclude>
    <ClInclude Include="CppNet\System\Collections\IDictionary.h">
      <Filter>헤더 파일\CppNet\System\Collections</Filter>
    </ClInclude>
    <ClInclude Include="CppNet\System\Collections\IDictionaryEnumerator.h">
      <Filter>헤더 파일\CppNet\System\Collections</Filter>
    </ClInclude>
    <ClInclude Include="CppNet\System\Collections\IEnumerable.h">
      <Filter>헤더 파일\CppNet\System\Collections</Filter>
    </ClInclude>
    <ClInclude Include="CppNet\System\Collections\IEnumerator.h">
      <Filter>헤더 파일\CppNet\System\Collections</Filter>
    </ClInclude>
    <ClInclude Include="CppNet\System\Collections\Generic\ICollection.h">
      <Filter>헤더 파일\CppNet\System\Collections\Generic</Filter>
    </ClInclude>
    <ClInclude Include="CppNet\System\Collections\Generic\IDictionary.h">
      <Filter>헤더 파일\CppNet\System\Collections\Generic</Filter>
    </ClInclude>
    <ClInclude Include="CppNet\System\Collections\Generic\IEnumerable.h">
      <Filter>헤더 파일\CppNet\System\Collections\Generic</Filter>
    </ClInclude>
    <ClInclude Include="CppNet\System\Collections\Generic\IEnumerator.h">
      <Filter>헤더 파일\CppNet\System\Collections\Generic</Filter>
    </ClInclude>
    <ClInclude Include="CppNet\System\Collections\Generic\IList.h">
      <Filter>헤더 파일\CppNet\System\Collections\Generic</Filter>
    </ClInclude>
    <ClInclude Include="CppNet\System\Collections\Generic\Queue.h">
      <Filter>헤더 파일\CppNet\System\Collections\Generic</Filter>
    </ClInclude>
    <ClInclude Include="CppNet\System\Collections\Generic\Stack.h">
      <Filter>헤더 파일\CppNet\System\Collections\Generic</Filter>
    </ClInclude>
    <ClInclude Include="CppNet\System\ComponentModel\IComponent.h">
      <Filter>헤더 파일\CppNet\System\ComponentModel</Filter>
    </ClInclude>
    <ClInclude Include="CppNet\System\ComponentModel\ISite.h">
      <Filter>헤더 파일\CppNet\System\ComponentModel</Filter>
    </ClInclude>
    <ClInclude Include="CppNet\System\Drawing\Point.h">
      <Filter>헤더 파일\CppNet\System\Drawing</Filter>
    </ClInclude>
    <ClInclude Include="CppNet\System\Drawing\PointF.h">
      <Filter>헤더 파일\CppNet\System\Drawing</Filter>
    </ClInclude>
    <ClInclude Include="CppNet\System\Drawing\SizeF.h">
      <Filter>헤더 파일\CppNet\System\Drawing</Filter>
    </ClInclude>
    <ClInclude Include="CppNet\System\Globalization\CharUnicodeInfo.h">
      <Filter>헤더 파일\CppNet\System\Globalization</Filter>
    </ClInclude>
    <ClInclude Include="CppNet\System\Globalization\UnicodeCategory.h">
      <Filter>헤더 파일\CppNet\System\Globalization</Filter>
    </ClInclude>
    <ClInclude Include="CppNet\System\IO\File.h">
      <Filter>헤더 파일\CppNet\System\IO</Filter>
    </ClInclude>
    <ClInclude Include="CppNet\System\IO\FileNotFoundException.h">
      <Filter>헤더 파일\CppNet\System\IO</Filter>
    </ClInclude>
    <ClInclude Include="CppNet\System\IO\IOException.h">
      <Filter>헤더 파일\CppNet\System\IO</Filter>
    </ClInclude>
    <ClInclude Include="CppNet\System\IO\Stream.h">
      <Filter>헤더 파일\CppNet\System\IO</Filter>
    </ClInclude>
    <ClInclude Include="CppNet\System\Runtime\InteropServices\_Thread.h">
      <Filter>헤더 파일\CppNet\System\Runtime\InteropServices</Filter>
    </ClInclude>
    <ClInclude Include="CppNet\System\Runtime\Remoting\Contexts\Context.h">
      <Filter>헤더 파일\CppNet\System\Runtime\Remoting\Contexts</Filter>
    </ClInclude>
    <ClInclude Include="CppNet\System\Runtime\Remoting\Contexts\IContextProperty.h">
      <Filter>헤더 파일\CppNet\System\Runtime\Remoting\Contexts</Filter>
    </ClInclude>
    <ClInclude Include="CppNet\System\Runtime\Remoting\Messaging\IMessage.h">
      <Filter>헤더 파일\CppNet\System\Runtime\Remoting\Messaging</Filter>
    </ClInclude>
    <ClInclude Include="CppNet\System\Runtime\Remoting\Messaging\IMessageCtrl.h">
      <Filter>헤더 파일\CppNet\System\Runtime\Remoting\Messaging</Filter>
    </ClInclude>
    <ClInclude Include="CppNet\System\Runtime\Remoting\Messaging\IMessageSink.h">
      <Filter>헤더 파일\CppNet\System\Runtime\Remoting\Messaging</Filter>
    </ClInclude>
    <ClInclude Include="CppNet\System\Runtime\Serialization\ISerializable.h">
      <Filter>헤더 파일\CppNet\System\Runtime\Serialization</Filter>
    </ClInclude>
    <ClInclude Include="CppNet\System\Runtime\Serialization\SerializationInfo.h">
      <Filter>헤더 파일\CppNet\System\Runtime\Serialization</Filter>
    </ClInclude>
    <ClInclude Include="CppNet\System\Runtime\Serialization\StreamingContext.h">
      <Filter>헤더 파일\CppNet\System\Runtime\Serialization</Filter>
    </ClInclude>
    <ClInclude Include="CppNet\System\Text\Encoding.h">
      <Filter>헤더 파일\CppNet\System\Text</Filter>
    </ClInclude>
    <ClInclude Include="CppNet\System\Threading\Thread.h">
      <Filter>헤더 파일\CppNet\System\Threading</Filter>
    </ClInclude>
    <ClInclude Include="CppNet\System\Threading\WaitHandle.h">
      <Filter>헤더 파일\CppNet\System\Threading</Filter>
    </ClInclude>
    <ClInclude Include="CppNet\System\Xml\IXmlNamespaceResolver.h">
      <Filter>헤더 파일\CppNet\System\Xml</Filter>
    </ClInclude>
    <ClInclude Include="CppNet\System\Xml\XmlDocument.h">
      <Filter>헤더 파일\CppNet\System\Xml</Filter>
    </ClInclude>
    <ClInclude Include="CppNet\System\Xml\XmlNamespaceScope.h">
      <Filter>헤더 파일\CppNet\System\Xml</Filter>
    </ClInclude>
    <ClInclude Include="CppNet\System\Xml\XmlNode.h">
      <Filter>헤더 파일\CppNet\System\Xml</Filter>
    </ClInclude>
    <ClInclude Include="CppNet\System\Xml\XPath\IXPathNavigable.h">
      <Filter>헤더 파일\CppNet\System\Xml\XPath</Filter>
    </ClInclude>
    <ClInclude Include="CppNet\System\Xml\XPath\XPathItem.h">
      <Filter>헤더 파일\CppNet\System\Xml\XPath</Filter>
    </ClInclude>
    <ClInclude Include="CppNet\System\Xml\XPath\XPathNavigator.h">
      <Filter>헤더 파일\CppNet\System\Xml\XPath</Filter>
    </ClInclude>
    <ClInclude Include="CppNet\System\Nullable.h">
      <Filter>헤더 파일\CppNet\System</Filter>
    </ClInclude>
    <ClInclude Include="CppNet\System\CppNet.System.h">
      <Filter>헤더 파일\CppNet\System</Filter>
    </ClInclude>
    <ClInclude Include="CppNet\System\Collections\CppNet.System.Collections.h">
      <Filter>헤더 파일\CppNet\System\Collections</Filter>
    </ClInclude>
    <ClInclude Include="CppNet\System\Collections\Generic\CppNet.System.Collections.Generic.h">
      <Filter>헤더 파일\CppNet\System\Collections\Generic</Filter>
    </ClInclude>
    <ClInclude Include="CppNet\System\ComponentModel\CppNet.System.ComponentModel.h">
      <Filter>헤더 파일\CppNet\System\ComponentModel</Filter>
    </ClInclude>
    <ClInclude Include="CppNet\System\Drawing\CppNet.System.Drawing.h">
      <Filter>헤더 파일\CppNet\System\Drawing</Filter>
    </ClInclude>
    <ClInclude Include="CppNet\System\Globalization\CppNet.System.Globalization.h">
      <Filter>헤더 파일\CppNet\System\Globalization</Filter>
    </ClInclude>
    <ClInclude Include="CppNet\System\IO\CppNet.System.IO.h">
      <Filter>헤더 파일\CppNet\System\IO</Filter>
    </ClInclude>
    <ClInclude Include="CppNet\System\Xml\CppNet.System.Xml.h">
      <Filter>헤더 파일\CppNet\System\Xml</Filter>
    </ClInclude>
    <ClInclude Include="CppNet\System\Xml\XPath\CppNet.System.Xml.XPath.h">
      <Filter>헤더 파일\CppNet\System\Xml\XPath</Filter>
    </ClInclude>
    <ClInclude Include="CppNet\System\Threading\CppNet.System.Threading.h">
      <Filter>헤더 파일\CppNet\System\Threading</Filter>
    </ClInclude>
    <ClInclude Include="CppNet\System\Text\CppNet.System.Text.h">
      <Filter>헤더 파일\CppNet\System\Text</Filter>
    </ClInclude>
    <ClInclude Include="CppNet\System\Runtime\InteropServices\CppNet.System.Runtime.InteropServices.h">
      <Filter>헤더 파일\CppNet\System\Runtime\InteropServices</Filter>
    </ClInclude>
    <ClInclude Include="CppNet\System\Runtime\Serialization\CppNet.System.Runtime.Serialization.h">
      <Filter>헤더 파일\CppNet\System\Runtime\Serialization</Filter>
    </ClInclude>
    <ClInclude Include="CppNet\System\Runtime\Remoting\Contexts\CppNet.System.Runtime.Remoting.Contexts.h">
      <Filter>헤더 파일\CppNet\System\Runtime\Remoting\Contexts</Filter>
    </ClInclude>
    <ClInclude Include="CppNet\System\Runtime\Remoting\Messaging\CppNet.System.Runtime.Remoting.Messaging.h">
      <Filter>헤더 파일\CppNet\System\Runtime\Remoting\Messaging</Filter>
    </ClInclude>
    <ClInclude Include="CppNet\ICopy.h">
      <Filter>헤더 파일\CppNet</Filter>
    </ClInclude>
    <ClInclude Include="CppNet\KMC\Sor.h">
      <Filter>헤더 파일\CppNet\KMC</Filter>
    </ClInclude>
    <ClInclude Include="CppNet\System\Runtime\Serialization\IDeserializationCallback.h">
      <Filter>헤더 파일\CppNet\System\Runtime\Serialization</Filter>
    </ClInclude>
    <ClInclude Include="CppNet\System\Text\RegularExpressions\CppNet.System.Text.RegularExpressions.h">
      <Filter>헤더 파일\CppNet\System\Text\RegularExpressions</Filter>
    </ClInclude>
    <ClInclude Include="CppNet\System\Text\RegularExpressions\Regex.h">
      <Filter>헤더 파일\CppNet\System\Text\RegularExpressions</Filter>
    </ClInclude>
    <ClInclude Include="CppNet\System\Text\RegularExpressions\RegexRunnerFactory.h">
      <Filter>헤더 파일\CppNet\System\Text\RegularExpressions</Filter>
    </ClInclude>
    <ClInclude Include="CppNet\System\Text\RegularExpressions\RegexRunner.h">
      <Filter>헤더 파일\CppNet\System\Text\RegularExpressions</Filter>
    </ClInclude>
    <ClInclude Include="CppNet\System\Text\RegularExpressions\Match.h">
      <Filter>헤더 파일\CppNet\System\Text\RegularExpressions</Filter>
    </ClInclude>
    <ClInclude Include="CppNet\System\Text\RegularExpressions\Group.h">
      <Filter>헤더 파일\CppNet\System\Text\RegularExpressions</Filter>
    </ClInclude>
    <ClInclude Include="CppNet\System\Text\RegularExpressions\Capture.h">
      <Filter>헤더 파일\CppNet\System\Text\RegularExpressions</Filter>
    </ClInclude>
    <ClInclude Include="CppNet\System\Text\RegularExpressions\RegexOptions.h">
      <Filter>헤더 파일\CppNet\System\Text\RegularExpressions</Filter>
    </ClInclude>
    <ClInclude Include="CppNet\System\Threading\Timeout.h">
      <Filter>헤더 파일\CppNet\System\Threading</Filter>
    </ClInclude>
    <ClInclude Include="CppNet\System\Windows\Forms\CppNet.System.Windows.Forms.h">
      <Filter>헤더 파일\CppNet\System\Windows\Forms</Filter>
    </ClInclude>
    <ClInclude Include="CppNet\System\ComponentModel\Component.h">
      <Filter>헤더 파일\CppNet\System\ComponentModel</Filter>
    </ClInclude>
    <ClInclude Include="CppNet\System\ComponentModel\EventHandlerList.h">
      <Filter>헤더 파일\CppNet\System\ComponentModel</Filter>
    </ClInclude>
    <ClInclude Include="CppNet\System\Drawing\Image.hpp">
      <Filter>선언 및 구현 파일\CppNet\System\Drawing</Filter>
    </ClInclude>
    <ClInclude Include="CppNet\System\Runtime\Serialization\SerializationInfoEnumerator.hpp">
      <Filter>선언 및 구현 파일\CppNet\System\Runtime\Serialization</Filter>
    </ClInclude>
    <ClInclude Include="CppNet\System\IndexOutOfRangeException.hpp">
      <Filter>선언 및 구현 파일\CppNet\System</Filter>
    </ClInclude>
    <ClInclude Include="CppNet\System\ArithmeticException.hpp">
      <Filter>선언 및 구현 파일\CppNet\System</Filter>
    </ClInclude>
    <ClInclude Include="CppNet\System\OverflowException.hpp">
      <Filter>선언 및 구현 파일\CppNet\System</Filter>
    </ClInclude>
    <ClInclude Include="CppNet\System\Windows\Forms\Control.hpp">
      <Filter>선언 및 구현 파일\CppNet\System\Windows\Forms</Filter>
    </ClInclude>
    <ClInclude Include="CppNet\System\Text\EncoderFallback.hpp">
      <Filter>선언 및 구현 파일\CppNet\System\Text</Filter>
    </ClInclude>
    <ClInclude Include="CppNet\System\Threading\Interlocked.hpp">
      <Filter>선언 및 구현 파일\CppNet\System\Threading</Filter>
    </ClInclude>
    <ClInclude Include="CppNet\System\Globalization\EncodingTable.hpp">
      <Filter>선언 및 구현 파일\CppNet\System\Globalization</Filter>
    </ClInclude>
    <ClInclude Include="CppNet\KMC\DynamicVariables.hpp">
      <Filter>선언 및 구현 파일\CppNet\KMC</Filter>
    </ClInclude>
    <ClInclude Include="CppNet\CTR\Factorial.hpp">
      <Filter>선언 및 구현 파일\CppNet\CTR</Filter>
    </ClInclude>
    <ClInclude Include="CppNet\CTR\CppNet.CTR.h">
      <Filter>헤더 파일\CppNet\CTR</Filter>
    </ClInclude>
    <ClInclude Include="CppNet\CTR\Fibonacci.hpp">
      <Filter>선언 및 구현 파일\CppNet\CTR</Filter>
    </ClInclude>
    <ClInclude Include="CppNet\CTR\Sum.hpp">
      <Filter>선언 및 구현 파일\CppNet\CTR</Filter>
    </ClInclude>
    <ClInclude Include="CppNet\CTR\Sub.hpp">
      <Filter>선언 및 구현 파일\CppNet\CTR</Filter>
    </ClInclude>
    <ClInclude Include="CppNet\CTR\Mul.hpp">
      <Filter>선언 및 구현 파일\CppNet\CTR</Filter>
    </ClInclude>
    <ClInclude Include="CppNet\CTR\Div.hpp">
      <Filter>선언 및 구현 파일\CppNet\CTR</Filter>
    </ClInclude>
    <ClInclude Include="CppNet\CTR\Mod.hpp">
      <Filter>선언 및 구현 파일\CppNet\CTR</Filter>
    </ClInclude>
    <ClInclude Include="CppNet\System\Threading\Tasks\Task.hpp">
      <Filter>선언 및 구현 파일\CppNet\System\Threading\Tasks</Filter>
    </ClInclude>
    <ClInclude Include="CppNet\System\Threading\Tasks\CppNet.System.Threading.Tasks.h">
      <Filter>헤더 파일\CppNet\System\Threading\Tasks</Filter>
    </ClInclude>
    <ClInclude Include="CppNet\System\Threading\IThreadPoolWorkItem.hpp">
      <Filter>선언 및 구현 파일\CppNet\System\Threading</Filter>
    </ClInclude>
    <ClInclude Include="CppNet\System\Threading\ThreadAbortException.hpp">
      <Filter>선언 및 구현 파일\CppNet\System\Threading</Filter>
    </ClInclude>
    <ClInclude Include="CppNet\System\Threading\Tasks\TaskScheduler.hpp">
      <Filter>선언 및 구현 파일\CppNet\System\Threading\Tasks</Filter>
    </ClInclude>
    <ClInclude Include="CppNet\System\Runtime\CompilerServices\ConditionalWeakTable.hpp">
      <Filter>선언 및 구현 파일\CppNet\System\Runtime\CompilerServices</Filter>
    </ClInclude>
    <ClInclude Include="CppNet\System\Runtime\CompilerServices\CppNet.System.Runtime.CompilerServices.h">
      <Filter>헤더 파일\CppNet\System\Runtime\CompilerServices</Filter>
    </ClInclude>
    <ClInclude Include="CppNet\CTR\IsEven.hpp">
      <Filter>선언 및 구현 파일\CppNet\CTR</Filter>
    </ClInclude>
    <ClInclude Include="CppNet\CTR\IsOdd.hpp">
      <Filter>선언 및 구현 파일\CppNet\CTR</Filter>
    </ClInclude>
    <ClInclude Include="CppNet\Box.hpp">
      <Filter>선언 및 구현 파일\CppNet</Filter>
    </ClInclude>
    <ClInclude Include="CppNet\System\NullReferenceException.hpp">
      <Filter>선언 및 구현 파일\CppNet\System</Filter>
    </ClInclude>
    <ClInclude Include="CppNet\is.hpp">
      <Filter>선언 및 구현 파일\CppNet</Filter>
    </ClInclude>
    <ClInclude Include="CppNet\as.hpp">
      <Filter>선언 및 구현 파일\CppNet</Filter>
    </ClInclude>
    <ClInclude Include="CppNet\MaxValue.hpp">
      <Filter>선언 및 구현 파일\CppNet</Filter>
    </ClInclude>
    <ClInclude Include="CppNet\MinValue.hpp">
      <Filter>선언 및 구현 파일\CppNet</Filter>
    </ClInclude>
    <ClInclude Include="CppNet\System\Array.hpp">
      <Filter>선언 및 구현 파일\CppNet\System</Filter>
    </ClInclude>
    <ClInclude Include="CppNet\System\Collections\IList.hpp">
      <Filter>선언 및 구현 파일\CppNet\System\Collections</Filter>
    </ClInclude>
    <ClInclude Include="CppNet\System\Collections\IComparer.hpp">
      <Filter>선언 및 구현 파일\CppNet\System\Collections</Filter>
    </ClInclude>
    <ClInclude Include="CppNet\System\Collections\IStructuralComparable.hpp">
      <Filter>선언 및 구현 파일\CppNet\System\Collections</Filter>
    </ClInclude>
    <ClInclude Include="CppNet\System\Collections\IStructuralEquatable.hpp">
      <Filter>선언 및 구현 파일\CppNet\System\Collections</Filter>
    </ClInclude>
    <ClInclude Include="CppNet\System\Collections\IEqualityComparer.hpp">
      <Filter>선언 및 구현 파일\CppNet\System\Collections</Filter>
    </ClInclude>
    <ClInclude Include="CppNet\System\Int32_64.h">
      <Filter>헤더 파일\CppNet\System</Filter>
    </ClInclude>
    <ClInclude Include="CppNet\System\UInt32_64.h">
      <Filter>헤더 파일\CppNet\System</Filter>
    </ClInclude>
    <ClInclude Include="CppNet\System\Collections\ObjectModel\ReadOnlyCollection.hpp">
      <Filter>선언 및 구현 파일\CppNet\System\Collections\ObjectModel</Filter>
    </ClInclude>
    <ClInclude Include="CppNet\System\Collections\Generic\IReadOnlyList.hpp">
      <Filter>선언 및 구현 파일\CppNet\System\Collections\Generic</Filter>
    </ClInclude>
    <ClInclude Include="CppNet\System\Collections\Generic\IReadOnlyCollection.hpp">
      <Filter>선언 및 구현 파일\CppNet\System\Collections\Generic</Filter>
    </ClInclude>
    <ClInclude Include="CppNet\System\Collections\ObjectModel\CppNet.System.Collections.ObjectModel.h">
      <Filter>헤더 파일\CppNet\System\Collections\ObjectModel</Filter>
    </ClInclude>
    <ClInclude Include="CppNet\System\ArgumentNullException.hpp">
      <Filter>선언 및 구현 파일\CppNet\System</Filter>
    </ClInclude>
  </ItemGroup>
  <ItemGroup>
    <ClCompile Include="CppNet\KMC\Decimal.cpp">
      <Filter>소스 파일\CppNet\KMC</Filter>
    </ClCompile>
    <ClCompile Include="CppNet\Unicode.cpp">
      <Filter>소스 파일\CppNet</Filter>
    </ClCompile>
    <ClCompile Include="CppNet\Unicode9_0.cpp">
      <Filter>소스 파일\CppNet</Filter>
    </ClCompile>
    <ClCompile Include="CppNet\System\_String.cpp">
      <Filter>소스 파일\CppNet\System</Filter>
    </ClCompile>
    <ClCompile Include="CppNet\System\ArgumentException.cpp">
      <Filter>소스 파일\CppNet\System</Filter>
    </ClCompile>
    <ClCompile Include="CppNet\System\BitConverter.cpp">
      <Filter>소스 파일\CppNet\System</Filter>
    </ClCompile>
    <ClCompile Include="CppNet\System\Char.cpp">
      <Filter>소스 파일\CppNet\System</Filter>
    </ClCompile>
    <ClCompile Include="CppNet\System\DoubleT.cpp">
      <Filter>소스 파일\CppNet\System</Filter>
    </ClCompile>
    <ClCompile Include="CppNet\System\EventArgs.cpp">
      <Filter>소스 파일\CppNet\System</Filter>
    </ClCompile>
    <ClCompile Include="CppNet\System\Exception.cpp">
      <Filter>소스 파일\CppNet\System</Filter>
    </ClCompile>
    <ClCompile Include="CppNet\System\FormatException.cpp">
      <Filter>소스 파일\CppNet\System</Filter>
    </ClCompile>
    <ClCompile Include="CppNet\System\IntPtr.cpp">
      <Filter>소스 파일\CppNet\System</Filter>
    </ClCompile>
    <ClCompile Include="CppNet\System\InvalidCastException.cpp">
      <Filter>소스 파일\CppNet\System</Filter>
    </ClCompile>
    <ClCompile Include="CppNet\System\InvalidOperationException.cpp">
      <Filter>소스 파일\CppNet\System</Filter>
    </ClCompile>
    <ClCompile Include="CppNet\System\Math.cpp">
      <Filter>소스 파일\CppNet\System</Filter>
    </ClCompile>
    <ClCompile Include="CppNet\System\NotImplementedException.cpp">
      <Filter>소스 파일\CppNet\System</Filter>
    </ClCompile>
    <ClCompile Include="CppNet\System\Object.cpp">
      <Filter>소스 파일\CppNet\System</Filter>
    </ClCompile>
    <ClCompile Include="CppNet\System\Random.cpp">
      <Filter>소스 파일\CppNet\System</Filter>
    </ClCompile>
    <ClCompile Include="CppNet\System\SystemException.cpp">
      <Filter>소스 파일\CppNet\System</Filter>
    </ClCompile>
    <ClCompile Include="CppNet\System\TimeSpan.cpp">
      <Filter>소스 파일\CppNet\System</Filter>
    </ClCompile>
    <ClCompile Include="CppNet\System\Version.cpp">
      <Filter>소스 파일\CppNet\System</Filter>
    </ClCompile>
    <ClCompile Include="CppNet\System\Collections\DictionaryEntry.cpp">
      <Filter>소스 파일\CppNet\System\Collections</Filter>
    </ClCompile>
    <ClCompile Include="CppNet\System\Drawing\Point.cpp">
      <Filter>소스 파일\CppNet\System\Drawing</Filter>
    </ClCompile>
    <ClCompile Include="CppNet\System\Drawing\PointF.cpp">
      <Filter>소스 파일\CppNet\System\Drawing</Filter>
    </ClCompile>
    <ClCompile Include="CppNet\System\Drawing\SizeF.cpp">
      <Filter>소스 파일\CppNet\System\Drawing</Filter>
    </ClCompile>
    <ClCompile Include="CppNet\System\Globalization\CharUnicodeInfo.cpp">
      <Filter>소스 파일\CppNet\System\Globalization</Filter>
    </ClCompile>
    <ClCompile Include="CppNet\System\IO\File.cpp">
      <Filter>소스 파일\CppNet\System\IO</Filter>
    </ClCompile>
    <ClCompile Include="CppNet\System\IO\FileNotFoundException.cpp">
      <Filter>소스 파일\CppNet\System\IO</Filter>
    </ClCompile>
    <ClCompile Include="CppNet\System\IO\IOException.cpp">
      <Filter>소스 파일\CppNet\System\IO</Filter>
    </ClCompile>
    <ClCompile Include="CppNet\System\Runtime\Remoting\Contexts\Context.cpp">
      <Filter>소스 파일\CppNet\System\Runtime\Remoting\Contexts</Filter>
    </ClCompile>
    <ClCompile Include="CppNet\System\Text\Encoding.cpp">
      <Filter>소스 파일\CppNet\System\Text</Filter>
    </ClCompile>
    <ClCompile Include="CppNet\System\Threading\WaitHandle.cpp">
      <Filter>소스 파일\CppNet\System\Threading</Filter>
    </ClCompile>
    <ClCompile Include="CppNet\System\Text\RegularExpressions\RegexRunner.cpp">
      <Filter>소스 파일\CppNet\System\Text\RegularExpressions</Filter>
    </ClCompile>
    <ClCompile Include="CppNet\System\Text\RegularExpressions\Regex.cpp">
      <Filter>소스 파일\CppNet\System\Text\RegularExpressions</Filter>
    </ClCompile>
    <ClCompile Include="CppNet\System\Threading\Timeout.cpp">
      <Filter>소스 파일\CppNet\System\Threading</Filter>
    </ClCompile>
    <ClCompile Include="CppNet\System\ComponentModel\Component.cpp">
      <Filter>소스 파일\CppNet\System\ComponentModel</Filter>
    </ClCompile>
    <ClCompile Include="CppNet\System\ComponentModel\EventHandlerList.cpp">
      <Filter>소스 파일\CppNet\System\ComponentModel</Filter>
    </ClCompile>
    <ClCompile Include="CppNet\System\Text\EncoderFallback.cpp">
      <Filter>소스 파일\CppNet\System\Text</Filter>
    </ClCompile>
    <ClCompile Include="CppNet\System\Globalization\EncodingTable.cpp">
      <Filter>소스 파일\CppNet\System\Globalization</Filter>
    </ClCompile>
    <ClCompile Include="CppNet\System\IO\Stream.cpp">
      <Filter>소스 파일\CppNet\System\IO</Filter>
    </ClCompile>
    <ClCompile Include="CppNet\System\Threading\Tasks\Task.cpp">
      <Filter>소스 파일\CppNet\System\Threading\Tasks</Filter>
    </ClCompile>
  </ItemGroup>
  <ItemGroup>
    <None Include="CppNet\KMC\Decimal.inl">
      <Filter>인라인 구현 파일\CppNet\KMC</Filter>
    </None>
    <None Include="CppNet\Unicode.inl">
      <Filter>인라인 구현 파일\CppNet</Filter>
    </None>
    <None Include="CppNet\KMC\Fraction.inl">
      <Filter>인라인 구현 파일\CppNet\KMC</Filter>
    </None>
    <None Include="CppNet\event.inl">
      <Filter>인라인 구현 파일\CppNet</Filter>
    </None>
    <None Include="CppNet\System\Collections\DictionaryEntry.inl">
      <Filter>인라인 구현 파일\CppNet\System\Collections</Filter>
    </None>
    <None Include="CppNet\System\Collections\Generic\Queue.inl">
      <Filter>인라인 구현 파일\CppNet\System\Collections\Generic</Filter>
    </None>
    <None Include="CppNet\System\Collections\Generic\Stack.inl">
      <Filter>인라인 구현 파일\CppNet\System\Collections\Generic</Filter>
    </None>
    <None Include="CppNet\System\_String.inl">
      <Filter>인라인 구현 파일\CppNet\System</Filter>
    </None>
    <None Include="CppNet\System\BitConverter.inl">
      <Filter>인라인 구현 파일\CppNet\System</Filter>
    </None>
    <None Include="CppNet\System\Char.inl">
      <Filter>인라인 구현 파일\CppNet\System</Filter>
    </None>
    <None Include="CppNet\System\Console.inl">
      <Filter>인라인 구현 파일\CppNet\System</Filter>
    </None>
    <None Include="CppNet\System\Convert.inl">
      <Filter>인라인 구현 파일\CppNet\System</Filter>
    </None>
    <None Include="CppNet\System\DoubleT.inl">
      <Filter>인라인 구현 파일\CppNet\System</Filter>
    </None>
    <None Include="CppNet\System\Math.inl">
      <Filter>인라인 구현 파일\CppNet\System</Filter>
    </None>
    <None Include="CppNet\System\Object.inl">
      <Filter>인라인 구현 파일\CppNet\System</Filter>
    </None>
    <None Include="CppNet\System\TimeSpan.inl">
      <Filter>인라인 구현 파일\CppNet\System</Filter>
    </None>
    <None Include="CppNet\System\Version.inl">
      <Filter>인라인 구현 파일\CppNet\System</Filter>
    </None>
    <None Include="CppNet\System\Drawing\SizeF.inl">
      <Filter>인라인 구현 파일\CppNet\System\Drawing</Filter>
    </None>
    <None Include="CppNet\System\IO\File.inl">
      <Filter>인라인 구현 파일\CppNet\System\IO</Filter>
    </None>
    <None Include="CppNet\System\IO\Stream.inl">
      <Filter>인라인 구현 파일\CppNet\System\IO</Filter>
    </None>
    <None Include="CppNet\System\Nullable.inl">
      <Filter>인라인 구현 파일\CppNet\System</Filter>
    </None>
    <None Include="CppNet\KMC\Sor.inl">
      <Filter>인라인 구현 파일\CppNet\KMC</Filter>
    </None>
    <None Include="CppNet\System\Text\RegularExpressions\RegexRunner.inl">
      <Filter>인라인 구현 파일\CppNet\System\Text\RegularExpressions</Filter>
    </None>
    <None Include="CppNet\System\Exception.inl">
      <Filter>인라인 구현 파일\CppNet\System</Filter>
    </None>
  </ItemGroup>
</Project>